// !$*UTF8*$!
{
	archiveVersion = 1;
	classes = {
	};
	objectVersion = 47;
	objects = {

/* Begin PBXBuildFile section */
		000401101DA94FA3005E51E9 /* Main.storyboard in Resources */ = {isa = PBXBuildFile; fileRef = 0004010F1DA94FA3005E51E9 /* Main.storyboard */; };
		001E872A1F9E8CFC0040F5B1 /* StopWatchViewController.swift in Sources */ = {isa = PBXBuildFile; fileRef = 001E87291F9E8CFC0040F5B1 /* StopWatchViewController.swift */; };
		00594D3A1D6A9BF300CB1DB4 /* circled_down_filled.png in Resources */ = {isa = PBXBuildFile; fileRef = 00594D391D6A9BF300CB1DB4 /* circled_down_filled.png */; };
		006FB1A91D047CC300768D92 /* NotificationCenter.framework in Frameworks */ = {isa = PBXBuildFile; fileRef = 006FB1A81D047CC300768D92 /* NotificationCenter.framework */; };
		006FB1AD1D047CC300768D92 /* TodayViewController.m in Sources */ = {isa = PBXBuildFile; fileRef = 006FB1AC1D047CC300768D92 /* TodayViewController.m */; };
		006FB1B01D047CC300768D92 /* MainInterface.storyboard in Resources */ = {isa = PBXBuildFile; fileRef = 006FB1AE1D047CC300768D92 /* MainInterface.storyboard */; };
		006FB1B41D047CC300768D92 /* Plus. Widget.appex in Embed App Extensions */ = {isa = PBXBuildFile; fileRef = 006FB1A71D047CC300768D92 /* Plus. Widget.appex */; settings = {ATTRIBUTES = (RemoveHeadersOnCopy, ); }; };
		00736BF91FED5FF1000CC139 /* SFCompactDisplay-Heavy.otf in Resources */ = {isa = PBXBuildFile; fileRef = 2874B3D31EE8903900EDDD86 /* SFCompactDisplay-Heavy.otf */; };
		00736BFA1FED5FF1000CC139 /* SFCompactText-Medium.otf in Resources */ = {isa = PBXBuildFile; fileRef = 2874B3D41EE8903900EDDD86 /* SFCompactText-Medium.otf */; };
		00736BFB1FED5FF1000CC139 /* SF-Pro-Display-Thin.otf in Resources */ = {isa = PBXBuildFile; fileRef = 2874B3D51EE8903900EDDD86 /* SF-Pro-Display-Thin.otf */; };
		00736BFC1FED5FF1000CC139 /* SF-Pro-Display-SemiboldItalic.otf in Resources */ = {isa = PBXBuildFile; fileRef = 2874B3D61EE8903900EDDD86 /* SF-Pro-Display-SemiboldItalic.otf */; };
		00736BFD1FED5FF1000CC139 /* SF-Pro-Text-Heavy.otf in Resources */ = {isa = PBXBuildFile; fileRef = 2874B3D71EE8903900EDDD86 /* SF-Pro-Text-Heavy.otf */; };
		00736BFE1FED5FF1000CC139 /* SF-Pro-Display-RegularItalic.otf in Resources */ = {isa = PBXBuildFile; fileRef = 2874B3D81EE8903900EDDD86 /* SF-Pro-Display-RegularItalic.otf */; };
		00736BFF1FED5FF1000CC139 /* SF-Pro-Display-Light.otf in Resources */ = {isa = PBXBuildFile; fileRef = 2874B3D91EE8903900EDDD86 /* SF-Pro-Display-Light.otf */; };
		00736C001FED5FF1000CC139 /* SF-Pro-Display-Regular.otf in Resources */ = {isa = PBXBuildFile; fileRef = 2874B3DA1EE8903900EDDD86 /* SF-Pro-Display-Regular.otf */; };
		00736C011FED5FF1000CC139 /* SF-Pro-Text-MediumItalic.otf in Resources */ = {isa = PBXBuildFile; fileRef = 2874B3DB1EE8903900EDDD86 /* SF-Pro-Text-MediumItalic.otf */; };
		00736C021FED5FF1000CC139 /* SF-Pro-Display-Bold.otf in Resources */ = {isa = PBXBuildFile; fileRef = 2874B3DC1EE8903900EDDD86 /* SF-Pro-Display-Bold.otf */; };
		00736C031FED5FF1000CC139 /* SF-Pro-Display-Medium.otf in Resources */ = {isa = PBXBuildFile; fileRef = 2874B3DD1EE8903900EDDD86 /* SF-Pro-Display-Medium.otf */; };
		00736C041FED5FF1000CC139 /* SF-Pro-Display-Heavy.otf in Resources */ = {isa = PBXBuildFile; fileRef = 2874B3DE1EE8903900EDDD86 /* SF-Pro-Display-Heavy.otf */; };
		00736C051FED5FF1000CC139 /* SFCompactDisplay-Light.otf in Resources */ = {isa = PBXBuildFile; fileRef = 2874B3DF1EE8903900EDDD86 /* SFCompactDisplay-Light.otf */; };
		00736C061FED5FF1000CC139 /* SFCompactText-Regular.otf in Resources */ = {isa = PBXBuildFile; fileRef = 2874B3E01EE8903900EDDD86 /* SFCompactText-Regular.otf */; };
		00736C071FED5FF1000CC139 /* SFCompactDisplay-Semibold.otf in Resources */ = {isa = PBXBuildFile; fileRef = 2874B3E11EE8903900EDDD86 /* SFCompactDisplay-Semibold.otf */; };
		00736C081FED5FF1000CC139 /* SF-Pro-Text-Light.otf in Resources */ = {isa = PBXBuildFile; fileRef = 2874B3E21EE8903900EDDD86 /* SF-Pro-Text-Light.otf */; };
		00736C091FED5FF1000CC139 /* SF-Pro-Display-Semibold.otf in Resources */ = {isa = PBXBuildFile; fileRef = 2874B3E31EE8903900EDDD86 /* SF-Pro-Display-Semibold.otf */; };
		00736C0A1FED5FF1000CC139 /* SFCompactDisplay-Medium.otf in Resources */ = {isa = PBXBuildFile; fileRef = 2874B3E41EE8903900EDDD86 /* SFCompactDisplay-Medium.otf */; };
		00736C0B1FED5FF1000CC139 /* SFCompactDisplay-Black.otf in Resources */ = {isa = PBXBuildFile; fileRef = 2874B3E51EE8903900EDDD86 /* SFCompactDisplay-Black.otf */; };
		00736C0C1FED5FF1000CC139 /* SF-Pro-Text-Regular.otf in Resources */ = {isa = PBXBuildFile; fileRef = 2874B3E61EE8903900EDDD86 /* SF-Pro-Text-Regular.otf */; };
		00736C0D1FED5FF1000CC139 /* SFCompactDisplay-Regular.otf in Resources */ = {isa = PBXBuildFile; fileRef = 2874B3E71EE8903900EDDD86 /* SFCompactDisplay-Regular.otf */; };
		00736C0E1FED5FF1000CC139 /* SF-Pro-Text-Bold.otf in Resources */ = {isa = PBXBuildFile; fileRef = 2874B3E81EE8903900EDDD86 /* SF-Pro-Text-Bold.otf */; };
		00736C0F1FED5FF1000CC139 /* SFCompactText-MediumItalic.otf in Resources */ = {isa = PBXBuildFile; fileRef = 2874B3E91EE8903900EDDD86 /* SFCompactText-MediumItalic.otf */; };
		00736C101FED5FF1000CC139 /* SFCompactText-Semibold.otf in Resources */ = {isa = PBXBuildFile; fileRef = 2874B3EA1EE8903900EDDD86 /* SFCompactText-Semibold.otf */; };
		00736C111FED5FF1000CC139 /* SFCompactText-RegularItalic.otf in Resources */ = {isa = PBXBuildFile; fileRef = 2874B3EB1EE8903900EDDD86 /* SFCompactText-RegularItalic.otf */; };
		00736C121FED5FF1000CC139 /* SFCompactText-Light.otf in Resources */ = {isa = PBXBuildFile; fileRef = 2874B3EC1EE8903900EDDD86 /* SFCompactText-Light.otf */; };
		00736C131FED5FF1000CC139 /* SF-Pro-Display-Ultralight.otf in Resources */ = {isa = PBXBuildFile; fileRef = 2874B3ED1EE8903900EDDD86 /* SF-Pro-Display-Ultralight.otf */; };
		00736C141FED5FF1000CC139 /* SF-Pro-Display-UltralightItalic.otf in Resources */ = {isa = PBXBuildFile; fileRef = 2874B3EE1EE8903900EDDD86 /* SF-Pro-Display-UltralightItalic.otf */; };
		00736C151FED5FF1000CC139 /* SFCompactDisplay-Bold.otf in Resources */ = {isa = PBXBuildFile; fileRef = 2874B3EF1EE8903900EDDD86 /* SFCompactDisplay-Bold.otf */; };
		00736C161FED5FF1000CC139 /* SFCompactText-Bold.otf in Resources */ = {isa = PBXBuildFile; fileRef = 2874B3F01EE8903900EDDD86 /* SFCompactText-Bold.otf */; };
		00736C171FED5FF1000CC139 /* SF-Pro-Display-Black.otf in Resources */ = {isa = PBXBuildFile; fileRef = 2874B3F11EE8903900EDDD86 /* SF-Pro-Display-Black.otf */; };
		00736C181FED5FF1000CC139 /* SFCompactDisplay-Ultralight.otf in Resources */ = {isa = PBXBuildFile; fileRef = 2874B3F21EE8903900EDDD86 /* SFCompactDisplay-Ultralight.otf */; };
		00736C191FED5FF1000CC139 /* SFCompactText-Heavy.otf in Resources */ = {isa = PBXBuildFile; fileRef = 2874B3F31EE8903900EDDD86 /* SFCompactText-Heavy.otf */; };
		00736C1A1FED5FF1000CC139 /* SF-Pro-Text-BoldItalic.otf in Resources */ = {isa = PBXBuildFile; fileRef = 2874B3F41EE8903900EDDD86 /* SF-Pro-Text-BoldItalic.otf */; };
		00736C1B1FED5FF1000CC139 /* SF-Pro-Text-RegularItalic.otf in Resources */ = {isa = PBXBuildFile; fileRef = 2874B3F51EE8903900EDDD86 /* SF-Pro-Text-RegularItalic.otf */; };
		00736C1C1FED5FF1000CC139 /* SF-Pro-Text-Semibold.otf in Resources */ = {isa = PBXBuildFile; fileRef = 2874B3F61EE8903900EDDD86 /* SF-Pro-Text-Semibold.otf */; };
		00736C1D1FED5FF1000CC139 /* SF-Pro-Display-ThinItalic.otf in Resources */ = {isa = PBXBuildFile; fileRef = 2874B3F71EE8903900EDDD86 /* SF-Pro-Display-ThinItalic.otf */; };
		00736C1E1FED5FF1000CC139 /* SFCompactText-LightItalic.otf in Resources */ = {isa = PBXBuildFile; fileRef = 2874B3F81EE8903900EDDD86 /* SFCompactText-LightItalic.otf */; };
		00736C1F1FED5FF1000CC139 /* SF-Pro-Text-Medium.otf in Resources */ = {isa = PBXBuildFile; fileRef = 2874B3F91EE8903900EDDD86 /* SF-Pro-Text-Medium.otf */; };
		00736C201FED5FF1000CC139 /* SFCompactDisplay-Thin.otf in Resources */ = {isa = PBXBuildFile; fileRef = 2874B3FA1EE8903900EDDD86 /* SFCompactDisplay-Thin.otf */; };
		007A7D451D6A03BE00871577 /* GeoPointCompass.m in Sources */ = {isa = PBXBuildFile; fileRef = 007A7D441D6A03BE00871577 /* GeoPointCompass.m */; };
		008C22CD1D047AAE00E34325 /* GoogleService-Info.plist in Resources */ = {isa = PBXBuildFile; fileRef = 008C22CC1D047AAE00E34325 /* GoogleService-Info.plist */; };
		00B58A1B1D6E935E00B7870E /* compass_1.png in Resources */ = {isa = PBXBuildFile; fileRef = 00B58A1A1D6E935E00B7870E /* compass_1.png */; };
		00D6DBD11BE6B53A00BDC277 /* left.png in Resources */ = {isa = PBXBuildFile; fileRef = 00D6DBD01BE6B53A00BDC277 /* left.png */; };
		282FB0BC1EE8BF7600EBECED /* PreferenceViewController.m in Sources */ = {isa = PBXBuildFile; fileRef = 282FB0BB1EE8BF7600EBECED /* PreferenceViewController.m */; };
		282FB0C11EE8C06300EBECED /* AppDelegate.m in Sources */ = {isa = PBXBuildFile; fileRef = 282FB0C01EE8BFF800EBECED /* AppDelegate.m */; };
		284737551D85B9CE00B56DB0 /* CalculatorViewController.m in Sources */ = {isa = PBXBuildFile; fileRef = 284737541D85B9CE00B56DB0 /* CalculatorViewController.m */; };
		284737571D85BA0E00B56DB0 /* Speech.framework in Frameworks */ = {isa = PBXBuildFile; fileRef = 284737561D85BA0E00B56DB0 /* Speech.framework */; };
		2872E75D1D8DE699004D0D62 /* AVFoundation.framework in Frameworks */ = {isa = PBXBuildFile; fileRef = 2872E75C1D8DE699004D0D62 /* AVFoundation.framework */; };
		2872E7601D8DE929004D0D62 /* Speech.m in Sources */ = {isa = PBXBuildFile; fileRef = 2872E75F1D8DE929004D0D62 /* Speech.m */; };
		2874B3FD1EE895CC00EDDD86 /* SFCompactDisplay-Heavy.otf in Resources */ = {isa = PBXBuildFile; fileRef = 2874B3D31EE8903900EDDD86 /* SFCompactDisplay-Heavy.otf */; };
		2874B3FE1EE895CC00EDDD86 /* SFCompactText-Medium.otf in Resources */ = {isa = PBXBuildFile; fileRef = 2874B3D41EE8903900EDDD86 /* SFCompactText-Medium.otf */; };
		2874B3FF1EE895CC00EDDD86 /* SF-Pro-Display-Thin.otf in Resources */ = {isa = PBXBuildFile; fileRef = 2874B3D51EE8903900EDDD86 /* SF-Pro-Display-Thin.otf */; };
		2874B4001EE895CC00EDDD86 /* SF-Pro-Display-SemiboldItalic.otf in Resources */ = {isa = PBXBuildFile; fileRef = 2874B3D61EE8903900EDDD86 /* SF-Pro-Display-SemiboldItalic.otf */; };
		2874B4011EE895CC00EDDD86 /* SF-Pro-Text-Heavy.otf in Resources */ = {isa = PBXBuildFile; fileRef = 2874B3D71EE8903900EDDD86 /* SF-Pro-Text-Heavy.otf */; };
		2874B4021EE895CC00EDDD86 /* SF-Pro-Display-RegularItalic.otf in Resources */ = {isa = PBXBuildFile; fileRef = 2874B3D81EE8903900EDDD86 /* SF-Pro-Display-RegularItalic.otf */; };
		2874B4031EE895CC00EDDD86 /* SF-Pro-Display-Light.otf in Resources */ = {isa = PBXBuildFile; fileRef = 2874B3D91EE8903900EDDD86 /* SF-Pro-Display-Light.otf */; };
		2874B4041EE895CC00EDDD86 /* SF-Pro-Display-Regular.otf in Resources */ = {isa = PBXBuildFile; fileRef = 2874B3DA1EE8903900EDDD86 /* SF-Pro-Display-Regular.otf */; };
		2874B4051EE895CC00EDDD86 /* SF-Pro-Text-MediumItalic.otf in Resources */ = {isa = PBXBuildFile; fileRef = 2874B3DB1EE8903900EDDD86 /* SF-Pro-Text-MediumItalic.otf */; };
		2874B4061EE895CC00EDDD86 /* SF-Pro-Display-Bold.otf in Resources */ = {isa = PBXBuildFile; fileRef = 2874B3DC1EE8903900EDDD86 /* SF-Pro-Display-Bold.otf */; };
		2874B4071EE895CC00EDDD86 /* SF-Pro-Display-Medium.otf in Resources */ = {isa = PBXBuildFile; fileRef = 2874B3DD1EE8903900EDDD86 /* SF-Pro-Display-Medium.otf */; };
		2874B4081EE895CC00EDDD86 /* SF-Pro-Display-Heavy.otf in Resources */ = {isa = PBXBuildFile; fileRef = 2874B3DE1EE8903900EDDD86 /* SF-Pro-Display-Heavy.otf */; };
		2874B4091EE895CC00EDDD86 /* SFCompactDisplay-Light.otf in Resources */ = {isa = PBXBuildFile; fileRef = 2874B3DF1EE8903900EDDD86 /* SFCompactDisplay-Light.otf */; };
		2874B40A1EE895CC00EDDD86 /* SFCompactText-Regular.otf in Resources */ = {isa = PBXBuildFile; fileRef = 2874B3E01EE8903900EDDD86 /* SFCompactText-Regular.otf */; };
		2874B40B1EE895CC00EDDD86 /* SFCompactDisplay-Semibold.otf in Resources */ = {isa = PBXBuildFile; fileRef = 2874B3E11EE8903900EDDD86 /* SFCompactDisplay-Semibold.otf */; };
		2874B40C1EE895CC00EDDD86 /* SF-Pro-Text-Light.otf in Resources */ = {isa = PBXBuildFile; fileRef = 2874B3E21EE8903900EDDD86 /* SF-Pro-Text-Light.otf */; };
		2874B40D1EE895CD00EDDD86 /* SF-Pro-Display-Semibold.otf in Resources */ = {isa = PBXBuildFile; fileRef = 2874B3E31EE8903900EDDD86 /* SF-Pro-Display-Semibold.otf */; };
		2874B40E1EE895CD00EDDD86 /* SFCompactDisplay-Medium.otf in Resources */ = {isa = PBXBuildFile; fileRef = 2874B3E41EE8903900EDDD86 /* SFCompactDisplay-Medium.otf */; };
		2874B40F1EE895CD00EDDD86 /* SFCompactDisplay-Black.otf in Resources */ = {isa = PBXBuildFile; fileRef = 2874B3E51EE8903900EDDD86 /* SFCompactDisplay-Black.otf */; };
		2874B4101EE895CD00EDDD86 /* SF-Pro-Text-Regular.otf in Resources */ = {isa = PBXBuildFile; fileRef = 2874B3E61EE8903900EDDD86 /* SF-Pro-Text-Regular.otf */; };
		2874B4111EE895CD00EDDD86 /* SFCompactDisplay-Regular.otf in Resources */ = {isa = PBXBuildFile; fileRef = 2874B3E71EE8903900EDDD86 /* SFCompactDisplay-Regular.otf */; };
		2874B4121EE895CD00EDDD86 /* SF-Pro-Text-Bold.otf in Resources */ = {isa = PBXBuildFile; fileRef = 2874B3E81EE8903900EDDD86 /* SF-Pro-Text-Bold.otf */; };
		2874B4131EE895CD00EDDD86 /* SFCompactText-MediumItalic.otf in Resources */ = {isa = PBXBuildFile; fileRef = 2874B3E91EE8903900EDDD86 /* SFCompactText-MediumItalic.otf */; };
		2874B4141EE895CD00EDDD86 /* SFCompactText-Semibold.otf in Resources */ = {isa = PBXBuildFile; fileRef = 2874B3EA1EE8903900EDDD86 /* SFCompactText-Semibold.otf */; };
		2874B4151EE895CD00EDDD86 /* SFCompactText-RegularItalic.otf in Resources */ = {isa = PBXBuildFile; fileRef = 2874B3EB1EE8903900EDDD86 /* SFCompactText-RegularItalic.otf */; };
		2874B4161EE895CD00EDDD86 /* SFCompactText-Light.otf in Resources */ = {isa = PBXBuildFile; fileRef = 2874B3EC1EE8903900EDDD86 /* SFCompactText-Light.otf */; };
		2874B4171EE895CD00EDDD86 /* SF-Pro-Display-Ultralight.otf in Resources */ = {isa = PBXBuildFile; fileRef = 2874B3ED1EE8903900EDDD86 /* SF-Pro-Display-Ultralight.otf */; };
		2874B4181EE895CD00EDDD86 /* SF-Pro-Display-UltralightItalic.otf in Resources */ = {isa = PBXBuildFile; fileRef = 2874B3EE1EE8903900EDDD86 /* SF-Pro-Display-UltralightItalic.otf */; };
		2874B4191EE895CD00EDDD86 /* SFCompactDisplay-Bold.otf in Resources */ = {isa = PBXBuildFile; fileRef = 2874B3EF1EE8903900EDDD86 /* SFCompactDisplay-Bold.otf */; };
		2874B41A1EE895CD00EDDD86 /* SFCompactText-Bold.otf in Resources */ = {isa = PBXBuildFile; fileRef = 2874B3F01EE8903900EDDD86 /* SFCompactText-Bold.otf */; };
		2874B41B1EE895CD00EDDD86 /* SF-Pro-Display-Black.otf in Resources */ = {isa = PBXBuildFile; fileRef = 2874B3F11EE8903900EDDD86 /* SF-Pro-Display-Black.otf */; };
		2874B41C1EE895CD00EDDD86 /* SFCompactDisplay-Ultralight.otf in Resources */ = {isa = PBXBuildFile; fileRef = 2874B3F21EE8903900EDDD86 /* SFCompactDisplay-Ultralight.otf */; };
		2874B41D1EE895CD00EDDD86 /* SFCompactText-Heavy.otf in Resources */ = {isa = PBXBuildFile; fileRef = 2874B3F31EE8903900EDDD86 /* SFCompactText-Heavy.otf */; };
		2874B41E1EE895CD00EDDD86 /* SF-Pro-Text-BoldItalic.otf in Resources */ = {isa = PBXBuildFile; fileRef = 2874B3F41EE8903900EDDD86 /* SF-Pro-Text-BoldItalic.otf */; };
		2874B41F1EE895CD00EDDD86 /* SF-Pro-Text-RegularItalic.otf in Resources */ = {isa = PBXBuildFile; fileRef = 2874B3F51EE8903900EDDD86 /* SF-Pro-Text-RegularItalic.otf */; };
		2874B4201EE895CD00EDDD86 /* SF-Pro-Text-Semibold.otf in Resources */ = {isa = PBXBuildFile; fileRef = 2874B3F61EE8903900EDDD86 /* SF-Pro-Text-Semibold.otf */; };
		2874B4211EE895CD00EDDD86 /* SF-Pro-Display-ThinItalic.otf in Resources */ = {isa = PBXBuildFile; fileRef = 2874B3F71EE8903900EDDD86 /* SF-Pro-Display-ThinItalic.otf */; };
		2874B4221EE895CD00EDDD86 /* SFCompactText-LightItalic.otf in Resources */ = {isa = PBXBuildFile; fileRef = 2874B3F81EE8903900EDDD86 /* SFCompactText-LightItalic.otf */; };
		2874B4231EE895CD00EDDD86 /* SF-Pro-Text-Medium.otf in Resources */ = {isa = PBXBuildFile; fileRef = 2874B3F91EE8903900EDDD86 /* SF-Pro-Text-Medium.otf */; };
		2874B4241EE895CD00EDDD86 /* SFCompactDisplay-Thin.otf in Resources */ = {isa = PBXBuildFile; fileRef = 2874B3FA1EE8903900EDDD86 /* SFCompactDisplay-Thin.otf */; };
		288027701B9C98FC002B9AE4 /* Plus. WatchKit Extension.appex in Embed App Extensions */ = {isa = PBXBuildFile; fileRef = 28E2A52D1B54B29700126C42 /* Plus. WatchKit Extension.appex */; settings = {ATTRIBUTES = (RemoveHeadersOnCopy, ); }; };
		288027731B9C98FC002B9AE4 /* Plus. WatchKit App.app in Embed Watch Content */ = {isa = PBXBuildFile; fileRef = 28E2A53C1B54B29700126C42 /* Plus. WatchKit App.app */; };
		289FC80F1D86336800D3BDAF /* SpeechParser.m in Sources */ = {isa = PBXBuildFile; fileRef = 289FC80E1D86336800D3BDAF /* SpeechParser.m */; };
		28BE24C21D88DF230065D520 /* microphone-1.png in Resources */ = {isa = PBXBuildFile; fileRef = 28BE24C11D88DF230065D520 /* microphone-1.png */; };
		28BFC6A61B5493DA00E45770 /* main.m in Sources */ = {isa = PBXBuildFile; fileRef = 28BFC6A51B5493DA00E45770 /* main.m */; };
		28BFC6B41B5493DA00E45770 /* LaunchScreen.xib in Resources */ = {isa = PBXBuildFile; fileRef = 28BFC6B21B5493DA00E45770 /* LaunchScreen.xib */; };
		28E2A5341B54B29700126C42 /* InterfaceController.m in Sources */ = {isa = PBXBuildFile; fileRef = 28E2A5331B54B29700126C42 /* InterfaceController.m */; };
		28E2A5371B54B29700126C42 /* NotificationController.m in Sources */ = {isa = PBXBuildFile; fileRef = 28E2A5361B54B29700126C42 /* NotificationController.m */; };
		28E2A5451B54B29700126C42 /* Interface.storyboard in Resources */ = {isa = PBXBuildFile; fileRef = 28E2A5431B54B29700126C42 /* Interface.storyboard */; };
		28E2A5591B54B35000126C42 /* Images.xcassets in Resources */ = {isa = PBXBuildFile; fileRef = 28E2A5581B54B35000126C42 /* Images.xcassets */; };
		28E2A55F1B54B36200126C42 /* Images.xcassets in Resources */ = {isa = PBXBuildFile; fileRef = 28E2A55E1B54B36200126C42 /* Images.xcassets */; };
		28E2A5631B54B39000126C42 /* MessageUI.framework in Frameworks */ = {isa = PBXBuildFile; fileRef = 28E2A5621B54B39000126C42 /* MessageUI.framework */; };
		28E2A5651B54B39400126C42 /* UIKit.framework in Frameworks */ = {isa = PBXBuildFile; fileRef = 28E2A5641B54B39400126C42 /* UIKit.framework */; };
		28E2A5691B54B5E700126C42 /* Media.xcassets in Resources */ = {isa = PBXBuildFile; fileRef = 28E2A5681B54B5E700126C42 /* Media.xcassets */; };
		28F8E3871EE9AB400091D9E2 /* libWritePadRecoUniversal.a in Frameworks */ = {isa = PBXBuildFile; fileRef = 28F5D2841EE9AA5D00D00054 /* libWritePadRecoUniversal.a */; };
		28FBF2B01EE87DDE004D83BF /* SpeechViewController.swift in Sources */ = {isa = PBXBuildFile; fileRef = 28FBF2AF1EE87DDE004D83BF /* SpeechViewController.swift */; };
		A59844EBE63A8A074A7F772E /* Pods_Plus_.framework in Frameworks */ = {isa = PBXBuildFile; fileRef = 58073B63F2B362F1EB56DABA /* Pods_Plus_.framework */; };
/* End PBXBuildFile section */

/* Begin PBXContainerItemProxy section */
		006FB1B21D047CC300768D92 /* PBXContainerItemProxy */ = {
			isa = PBXContainerItemProxy;
			containerPortal = 28BFC6981B5493DA00E45770 /* Project object */;
			proxyType = 1;
			remoteGlobalIDString = 006FB1A61D047CC300768D92;
			remoteInfo = "Tool Box Widget";
		};
		2880276E1B9C98FC002B9AE4 /* PBXContainerItemProxy */ = {
			isa = PBXContainerItemProxy;
			containerPortal = 28BFC6981B5493DA00E45770 /* Project object */;
			proxyType = 1;
			remoteGlobalIDString = 28E2A52C1B54B29700126C42;
			remoteInfo = "Tool Box WatchKit Extension";
		};
		288027711B9C98FC002B9AE4 /* PBXContainerItemProxy */ = {
			isa = PBXContainerItemProxy;
			containerPortal = 28BFC6981B5493DA00E45770 /* Project object */;
			proxyType = 1;
			remoteGlobalIDString = 28E2A53B1B54B29700126C42;
			remoteInfo = "Tool Box WatchKit App";
		};
/* End PBXContainerItemProxy section */

/* Begin PBXCopyFilesBuildPhase section */
		006FB1B81D047CC300768D92 /* Embed App Extensions */ = {
			isa = PBXCopyFilesBuildPhase;
			buildActionMask = 2147483647;
			dstPath = "";
			dstSubfolderSpec = 13;
			files = (
				006FB1B41D047CC300768D92 /* Plus. Widget.appex in Embed App Extensions */,
			);
			name = "Embed App Extensions";
			runOnlyForDeploymentPostprocessing = 0;
		};
		288027741B9C98FC002B9AE4 /* Embed App Extensions */ = {
			isa = PBXCopyFilesBuildPhase;
			buildActionMask = 2147483647;
			dstPath = "";
			dstSubfolderSpec = 13;
			files = (
				288027701B9C98FC002B9AE4 /* Plus. WatchKit Extension.appex in Embed App Extensions */,
			);
			name = "Embed App Extensions";
			runOnlyForDeploymentPostprocessing = 0;
		};
		288027751B9C98FC002B9AE4 /* Embed Watch Content */ = {
			isa = PBXCopyFilesBuildPhase;
			buildActionMask = 2147483647;
			dstPath = "$(CONTENTS_FOLDER_PATH)/Watch";
			dstSubfolderSpec = 16;
			files = (
				288027731B9C98FC002B9AE4 /* Plus. WatchKit App.app in Embed Watch Content */,
			);
			name = "Embed Watch Content";
			runOnlyForDeploymentPostprocessing = 0;
		};
/* End PBXCopyFilesBuildPhase section */

/* Begin PBXFileReference section */
		0004010F1DA94FA3005E51E9 /* Main.storyboard */ = {isa = PBXFileReference; fileEncoding = 4; lastKnownFileType = file.storyboard; path = Main.storyboard; sourceTree = "<group>"; };
		001E87291F9E8CFC0040F5B1 /* StopWatchViewController.swift */ = {isa = PBXFileReference; lastKnownFileType = sourcecode.swift; path = StopWatchViewController.swift; sourceTree = "<group>"; };
		00594D391D6A9BF300CB1DB4 /* circled_down_filled.png */ = {isa = PBXFileReference; lastKnownFileType = image.png; path = circled_down_filled.png; sourceTree = "<group>"; };
		006FB1A71D047CC300768D92 /* Plus. Widget.appex */ = {isa = PBXFileReference; explicitFileType = "wrapper.app-extension"; includeInIndex = 0; path = "Plus. Widget.appex"; sourceTree = BUILT_PRODUCTS_DIR; };
		006FB1A81D047CC300768D92 /* NotificationCenter.framework */ = {isa = PBXFileReference; lastKnownFileType = wrapper.framework; name = NotificationCenter.framework; path = System/Library/Frameworks/NotificationCenter.framework; sourceTree = SDKROOT; };
		006FB1AB1D047CC300768D92 /* TodayViewController.h */ = {isa = PBXFileReference; lastKnownFileType = sourcecode.c.h; path = TodayViewController.h; sourceTree = "<group>"; };
		006FB1AC1D047CC300768D92 /* TodayViewController.m */ = {isa = PBXFileReference; lastKnownFileType = sourcecode.c.objc; path = TodayViewController.m; sourceTree = "<group>"; };
		006FB1AF1D047CC300768D92 /* Base */ = {isa = PBXFileReference; lastKnownFileType = file.storyboard; name = Base; path = Base.lproj/MainInterface.storyboard; sourceTree = "<group>"; };
		006FB1B11D047CC300768D92 /* Info.plist */ = {isa = PBXFileReference; lastKnownFileType = text.plist.xml; path = Info.plist; sourceTree = "<group>"; };
		007A7D431D6A03BE00871577 /* GeoPointCompass.h */ = {isa = PBXFileReference; fileEncoding = 4; lastKnownFileType = sourcecode.c.h; path = GeoPointCompass.h; sourceTree = "<group>"; };
		007A7D441D6A03BE00871577 /* GeoPointCompass.m */ = {isa = PBXFileReference; fileEncoding = 4; lastKnownFileType = sourcecode.c.objc; path = GeoPointCompass.m; sourceTree = "<group>"; };
		008C22CC1D047AAE00E34325 /* GoogleService-Info.plist */ = {isa = PBXFileReference; fileEncoding = 4; lastKnownFileType = text.plist.xml; path = "GoogleService-Info.plist"; sourceTree = "<group>"; };
		00B58A1A1D6E935E00B7870E /* compass_1.png */ = {isa = PBXFileReference; lastKnownFileType = image.png; path = compass_1.png; sourceTree = "<group>"; };
		00D6DBD01BE6B53A00BDC277 /* left.png */ = {isa = PBXFileReference; lastKnownFileType = image.png; path = left.png; sourceTree = "<group>"; };
		1567500C16668611F0A3057A /* Pods-Plus..debug.xcconfig */ = {isa = PBXFileReference; includeInIndex = 1; lastKnownFileType = text.xcconfig; name = "Pods-Plus..debug.xcconfig"; path = "Pods/Target Support Files/Pods-Plus./Pods-Plus..debug.xcconfig"; sourceTree = "<group>"; };
		282FB0BA1EE8BF7600EBECED /* PreferenceViewController.h */ = {isa = PBXFileReference; lastKnownFileType = sourcecode.c.h; path = PreferenceViewController.h; sourceTree = "<group>"; };
		282FB0BB1EE8BF7600EBECED /* PreferenceViewController.m */ = {isa = PBXFileReference; lastKnownFileType = sourcecode.c.objc; path = PreferenceViewController.m; sourceTree = "<group>"; };
		282FB0BE1EE8BF9100EBECED /* Base */ = {isa = PBXFileReference; lastKnownFileType = sourcecode.swift; name = Base; path = Base.lproj/HandwritingViewController.swift; sourceTree = "<group>"; };
		282FB0BF1EE8BFF800EBECED /* AppDelegate.h */ = {isa = PBXFileReference; lastKnownFileType = sourcecode.c.h; path = AppDelegate.h; sourceTree = "<group>"; };
		282FB0C01EE8BFF800EBECED /* AppDelegate.m */ = {isa = PBXFileReference; lastKnownFileType = sourcecode.c.objc; path = AppDelegate.m; sourceTree = "<group>"; };
		284737531D85B9CE00B56DB0 /* CalculatorViewController.h */ = {isa = PBXFileReference; fileEncoding = 4; lastKnownFileType = sourcecode.c.h; path = CalculatorViewController.h; sourceTree = "<group>"; };
		284737541D85B9CE00B56DB0 /* CalculatorViewController.m */ = {isa = PBXFileReference; fileEncoding = 4; lastKnownFileType = sourcecode.c.objc; path = CalculatorViewController.m; sourceTree = "<group>"; };
		284737561D85BA0E00B56DB0 /* Speech.framework */ = {isa = PBXFileReference; lastKnownFileType = wrapper.framework; name = Speech.framework; path = System/Library/Frameworks/Speech.framework; sourceTree = SDKROOT; };
		2872E75C1D8DE699004D0D62 /* AVFoundation.framework */ = {isa = PBXFileReference; lastKnownFileType = wrapper.framework; name = AVFoundation.framework; path = System/Library/Frameworks/AVFoundation.framework; sourceTree = SDKROOT; };
		2872E75E1D8DE929004D0D62 /* Speech.h */ = {isa = PBXFileReference; fileEncoding = 4; lastKnownFileType = sourcecode.c.h; path = Speech.h; sourceTree = "<group>"; };
		2872E75F1D8DE929004D0D62 /* Speech.m */ = {isa = PBXFileReference; fileEncoding = 4; lastKnownFileType = sourcecode.c.objc; path = Speech.m; sourceTree = "<group>"; };
		2874B3D31EE8903900EDDD86 /* SFCompactDisplay-Heavy.otf */ = {isa = PBXFileReference; lastKnownFileType = file; path = "SFCompactDisplay-Heavy.otf"; sourceTree = "<group>"; };
		2874B3D41EE8903900EDDD86 /* SFCompactText-Medium.otf */ = {isa = PBXFileReference; lastKnownFileType = file; path = "SFCompactText-Medium.otf"; sourceTree = "<group>"; };
		2874B3D51EE8903900EDDD86 /* SF-Pro-Display-Thin.otf */ = {isa = PBXFileReference; lastKnownFileType = file; path = "SF-Pro-Display-Thin.otf"; sourceTree = "<group>"; };
		2874B3D61EE8903900EDDD86 /* SF-Pro-Display-SemiboldItalic.otf */ = {isa = PBXFileReference; lastKnownFileType = file; path = "SF-Pro-Display-SemiboldItalic.otf"; sourceTree = "<group>"; };
		2874B3D71EE8903900EDDD86 /* SF-Pro-Text-Heavy.otf */ = {isa = PBXFileReference; lastKnownFileType = file; path = "SF-Pro-Text-Heavy.otf"; sourceTree = "<group>"; };
		2874B3D81EE8903900EDDD86 /* SF-Pro-Display-RegularItalic.otf */ = {isa = PBXFileReference; lastKnownFileType = file; path = "SF-Pro-Display-RegularItalic.otf"; sourceTree = "<group>"; };
		2874B3D91EE8903900EDDD86 /* SF-Pro-Display-Light.otf */ = {isa = PBXFileReference; lastKnownFileType = file; path = "SF-Pro-Display-Light.otf"; sourceTree = "<group>"; };
		2874B3DA1EE8903900EDDD86 /* SF-Pro-Display-Regular.otf */ = {isa = PBXFileReference; lastKnownFileType = file; path = "SF-Pro-Display-Regular.otf"; sourceTree = "<group>"; };
		2874B3DB1EE8903900EDDD86 /* SF-Pro-Text-MediumItalic.otf */ = {isa = PBXFileReference; lastKnownFileType = file; path = "SF-Pro-Text-MediumItalic.otf"; sourceTree = "<group>"; };
		2874B3DC1EE8903900EDDD86 /* SF-Pro-Display-Bold.otf */ = {isa = PBXFileReference; lastKnownFileType = file; path = "SF-Pro-Display-Bold.otf"; sourceTree = "<group>"; };
		2874B3DD1EE8903900EDDD86 /* SF-Pro-Display-Medium.otf */ = {isa = PBXFileReference; lastKnownFileType = file; path = "SF-Pro-Display-Medium.otf"; sourceTree = "<group>"; };
		2874B3DE1EE8903900EDDD86 /* SF-Pro-Display-Heavy.otf */ = {isa = PBXFileReference; lastKnownFileType = file; path = "SF-Pro-Display-Heavy.otf"; sourceTree = "<group>"; };
		2874B3DF1EE8903900EDDD86 /* SFCompactDisplay-Light.otf */ = {isa = PBXFileReference; lastKnownFileType = file; path = "SFCompactDisplay-Light.otf"; sourceTree = "<group>"; };
		2874B3E01EE8903900EDDD86 /* SFCompactText-Regular.otf */ = {isa = PBXFileReference; lastKnownFileType = file; path = "SFCompactText-Regular.otf"; sourceTree = "<group>"; };
		2874B3E11EE8903900EDDD86 /* SFCompactDisplay-Semibold.otf */ = {isa = PBXFileReference; lastKnownFileType = file; path = "SFCompactDisplay-Semibold.otf"; sourceTree = "<group>"; };
		2874B3E21EE8903900EDDD86 /* SF-Pro-Text-Light.otf */ = {isa = PBXFileReference; lastKnownFileType = file; path = "SF-Pro-Text-Light.otf"; sourceTree = "<group>"; };
		2874B3E31EE8903900EDDD86 /* SF-Pro-Display-Semibold.otf */ = {isa = PBXFileReference; lastKnownFileType = file; path = "SF-Pro-Display-Semibold.otf"; sourceTree = "<group>"; };
		2874B3E41EE8903900EDDD86 /* SFCompactDisplay-Medium.otf */ = {isa = PBXFileReference; lastKnownFileType = file; path = "SFCompactDisplay-Medium.otf"; sourceTree = "<group>"; };
		2874B3E51EE8903900EDDD86 /* SFCompactDisplay-Black.otf */ = {isa = PBXFileReference; lastKnownFileType = file; path = "SFCompactDisplay-Black.otf"; sourceTree = "<group>"; };
		2874B3E61EE8903900EDDD86 /* SF-Pro-Text-Regular.otf */ = {isa = PBXFileReference; lastKnownFileType = file; path = "SF-Pro-Text-Regular.otf"; sourceTree = "<group>"; };
		2874B3E71EE8903900EDDD86 /* SFCompactDisplay-Regular.otf */ = {isa = PBXFileReference; lastKnownFileType = file; path = "SFCompactDisplay-Regular.otf"; sourceTree = "<group>"; };
		2874B3E81EE8903900EDDD86 /* SF-Pro-Text-Bold.otf */ = {isa = PBXFileReference; lastKnownFileType = file; path = "SF-Pro-Text-Bold.otf"; sourceTree = "<group>"; };
		2874B3E91EE8903900EDDD86 /* SFCompactText-MediumItalic.otf */ = {isa = PBXFileReference; lastKnownFileType = file; path = "SFCompactText-MediumItalic.otf"; sourceTree = "<group>"; };
		2874B3EA1EE8903900EDDD86 /* SFCompactText-Semibold.otf */ = {isa = PBXFileReference; lastKnownFileType = file; path = "SFCompactText-Semibold.otf"; sourceTree = "<group>"; };
		2874B3EB1EE8903900EDDD86 /* SFCompactText-RegularItalic.otf */ = {isa = PBXFileReference; lastKnownFileType = file; path = "SFCompactText-RegularItalic.otf"; sourceTree = "<group>"; };
		2874B3EC1EE8903900EDDD86 /* SFCompactText-Light.otf */ = {isa = PBXFileReference; lastKnownFileType = file; path = "SFCompactText-Light.otf"; sourceTree = "<group>"; };
		2874B3ED1EE8903900EDDD86 /* SF-Pro-Display-Ultralight.otf */ = {isa = PBXFileReference; lastKnownFileType = file; path = "SF-Pro-Display-Ultralight.otf"; sourceTree = "<group>"; };
		2874B3EE1EE8903900EDDD86 /* SF-Pro-Display-UltralightItalic.otf */ = {isa = PBXFileReference; lastKnownFileType = file; path = "SF-Pro-Display-UltralightItalic.otf"; sourceTree = "<group>"; };
		2874B3EF1EE8903900EDDD86 /* SFCompactDisplay-Bold.otf */ = {isa = PBXFileReference; lastKnownFileType = file; path = "SFCompactDisplay-Bold.otf"; sourceTree = "<group>"; };
		2874B3F01EE8903900EDDD86 /* SFCompactText-Bold.otf */ = {isa = PBXFileReference; lastKnownFileType = file; path = "SFCompactText-Bold.otf"; sourceTree = "<group>"; };
		2874B3F11EE8903900EDDD86 /* SF-Pro-Display-Black.otf */ = {isa = PBXFileReference; lastKnownFileType = file; path = "SF-Pro-Display-Black.otf"; sourceTree = "<group>"; };
		2874B3F21EE8903900EDDD86 /* SFCompactDisplay-Ultralight.otf */ = {isa = PBXFileReference; lastKnownFileType = file; path = "SFCompactDisplay-Ultralight.otf"; sourceTree = "<group>"; };
		2874B3F31EE8903900EDDD86 /* SFCompactText-Heavy.otf */ = {isa = PBXFileReference; lastKnownFileType = file; path = "SFCompactText-Heavy.otf"; sourceTree = "<group>"; };
		2874B3F41EE8903900EDDD86 /* SF-Pro-Text-BoldItalic.otf */ = {isa = PBXFileReference; lastKnownFileType = file; path = "SF-Pro-Text-BoldItalic.otf"; sourceTree = "<group>"; };
		2874B3F51EE8903900EDDD86 /* SF-Pro-Text-RegularItalic.otf */ = {isa = PBXFileReference; lastKnownFileType = file; path = "SF-Pro-Text-RegularItalic.otf"; sourceTree = "<group>"; };
		2874B3F61EE8903900EDDD86 /* SF-Pro-Text-Semibold.otf */ = {isa = PBXFileReference; lastKnownFileType = file; path = "SF-Pro-Text-Semibold.otf"; sourceTree = "<group>"; };
		2874B3F71EE8903900EDDD86 /* SF-Pro-Display-ThinItalic.otf */ = {isa = PBXFileReference; lastKnownFileType = file; path = "SF-Pro-Display-ThinItalic.otf"; sourceTree = "<group>"; };
		2874B3F81EE8903900EDDD86 /* SFCompactText-LightItalic.otf */ = {isa = PBXFileReference; lastKnownFileType = file; path = "SFCompactText-LightItalic.otf"; sourceTree = "<group>"; };
		2874B3F91EE8903900EDDD86 /* SF-Pro-Text-Medium.otf */ = {isa = PBXFileReference; lastKnownFileType = file; path = "SF-Pro-Text-Medium.otf"; sourceTree = "<group>"; };
		2874B3FA1EE8903900EDDD86 /* SFCompactDisplay-Thin.otf */ = {isa = PBXFileReference; lastKnownFileType = file; path = "SFCompactDisplay-Thin.otf"; sourceTree = "<group>"; };
		289FC80D1D86336800D3BDAF /* SpeechParser.h */ = {isa = PBXFileReference; fileEncoding = 4; lastKnownFileType = sourcecode.c.h; path = SpeechParser.h; sourceTree = "<group>"; };
		289FC80E1D86336800D3BDAF /* SpeechParser.m */ = {isa = PBXFileReference; fileEncoding = 4; lastKnownFileType = sourcecode.c.objc; path = SpeechParser.m; sourceTree = "<group>"; };
		28BE24C11D88DF230065D520 /* microphone-1.png */ = {isa = PBXFileReference; lastKnownFileType = image.png; path = "microphone-1.png"; sourceTree = "<group>"; };
		28BFC6A01B5493DA00E45770 /* Plus..app */ = {isa = PBXFileReference; explicitFileType = wrapper.application; includeInIndex = 0; path = Plus..app; sourceTree = BUILT_PRODUCTS_DIR; };
		28BFC6A41B5493DA00E45770 /* Info.plist */ = {isa = PBXFileReference; lastKnownFileType = text.plist.xml; path = Info.plist; sourceTree = "<group>"; };
		28BFC6A51B5493DA00E45770 /* main.m */ = {isa = PBXFileReference; lastKnownFileType = sourcecode.c.objc; path = main.m; sourceTree = "<group>"; };
		28BFC6B31B5493DA00E45770 /* Base */ = {isa = PBXFileReference; lastKnownFileType = file.xib; name = Base; path = Base.lproj/LaunchScreen.xib; sourceTree = "<group>"; };
		28E2A52D1B54B29700126C42 /* Plus. WatchKit Extension.appex */ = {isa = PBXFileReference; explicitFileType = "wrapper.app-extension"; includeInIndex = 0; path = "Plus. WatchKit Extension.appex"; sourceTree = BUILT_PRODUCTS_DIR; };
		28E2A5301B54B29700126C42 /* Info.plist */ = {isa = PBXFileReference; lastKnownFileType = text.plist.xml; path = Info.plist; sourceTree = "<group>"; };
		28E2A5311B54B29700126C42 /* PushNotificationPayload.apns */ = {isa = PBXFileReference; lastKnownFileType = text; path = PushNotificationPayload.apns; sourceTree = "<group>"; };
		28E2A5321B54B29700126C42 /* InterfaceController.h */ = {isa = PBXFileReference; lastKnownFileType = sourcecode.c.h; path = InterfaceController.h; sourceTree = "<group>"; };
		28E2A5331B54B29700126C42 /* InterfaceController.m */ = {isa = PBXFileReference; lastKnownFileType = sourcecode.c.objc; path = InterfaceController.m; sourceTree = "<group>"; };
		28E2A5351B54B29700126C42 /* NotificationController.h */ = {isa = PBXFileReference; lastKnownFileType = sourcecode.c.h; path = NotificationController.h; sourceTree = "<group>"; };
		28E2A5361B54B29700126C42 /* NotificationController.m */ = {isa = PBXFileReference; lastKnownFileType = sourcecode.c.objc; path = NotificationController.m; sourceTree = "<group>"; };
		28E2A53C1B54B29700126C42 /* Plus. WatchKit App.app */ = {isa = PBXFileReference; explicitFileType = wrapper.application; includeInIndex = 0; path = "Plus. WatchKit App.app"; sourceTree = BUILT_PRODUCTS_DIR; };
		28E2A5421B54B29700126C42 /* Info.plist */ = {isa = PBXFileReference; lastKnownFileType = text.plist.xml; path = Info.plist; sourceTree = "<group>"; };
		28E2A5441B54B29700126C42 /* Base */ = {isa = PBXFileReference; lastKnownFileType = file.storyboard; name = Base; path = Base.lproj/Interface.storyboard; sourceTree = "<group>"; };
		28E2A5581B54B35000126C42 /* Images.xcassets */ = {isa = PBXFileReference; lastKnownFileType = folder.assetcatalog; path = Images.xcassets; sourceTree = "<group>"; };
		28E2A55E1B54B36200126C42 /* Images.xcassets */ = {isa = PBXFileReference; lastKnownFileType = folder.assetcatalog; path = Images.xcassets; sourceTree = "<group>"; };
		28E2A5621B54B39000126C42 /* MessageUI.framework */ = {isa = PBXFileReference; lastKnownFileType = wrapper.framework; name = MessageUI.framework; path = System/Library/Frameworks/MessageUI.framework; sourceTree = SDKROOT; };
		28E2A5641B54B39400126C42 /* UIKit.framework */ = {isa = PBXFileReference; lastKnownFileType = wrapper.framework; name = UIKit.framework; path = System/Library/Frameworks/UIKit.framework; sourceTree = SDKROOT; };
		28E2A5681B54B5E700126C42 /* Media.xcassets */ = {isa = PBXFileReference; lastKnownFileType = folder.assetcatalog; path = Media.xcassets; sourceTree = "<group>"; };
		28F5D2841EE9AA5D00D00054 /* libWritePadRecoUniversal.a */ = {isa = PBXFileReference; lastKnownFileType = archive.ar; path = libWritePadRecoUniversal.a; sourceTree = "<group>"; };
		28F8E33C1EE9AAD40091D9E2 /* RecognizerApi.h */ = {isa = PBXFileReference; lastKnownFileType = sourcecode.c.h; path = RecognizerApi.h; sourceTree = "<group>"; };
		28F8E33D1EE9AAD40091D9E2 /* langid.h */ = {isa = PBXFileReference; lastKnownFileType = sourcecode.c.h; path = langid.h; sourceTree = "<group>"; };
		28F8E33E1EE9AAD40091D9E2 /* recodefs.h */ = {isa = PBXFileReference; lastKnownFileType = sourcecode.c.h; path = recodefs.h; sourceTree = "<group>"; };
		28F8E33F1EE9AAD40091D9E2 /* gestures.h */ = {isa = PBXFileReference; lastKnownFileType = sourcecode.c.h; path = gestures.h; sourceTree = "<group>"; };
		28F8E3401EE9AAD40091D9E2 /* InkWrapper.h */ = {isa = PBXFileReference; lastKnownFileType = sourcecode.c.h; path = InkWrapper.h; sourceTree = "<group>"; };
		28F8E3411EE9AAD40091D9E2 /* recotypes.h */ = {isa = PBXFileReference; lastKnownFileType = sourcecode.c.h; path = recotypes.h; sourceTree = "<group>"; };
		28F8E3421EE9AAD40091D9E2 /* RecognizerWrapper.h */ = {isa = PBXFileReference; lastKnownFileType = sourcecode.c.h; path = RecognizerWrapper.h; sourceTree = "<group>"; };
		28F8E3451EE9AAD40091D9E2 /* InkCollectorView.h */ = {isa = PBXFileReference; lastKnownFileType = sourcecode.c.h; path = InkCollectorView.h; sourceTree = "<group>"; };
		28F8E3461EE9AAD40091D9E2 /* InkCollectorView.m */ = {isa = PBXFileReference; lastKnownFileType = sourcecode.c.objc; path = InkCollectorView.m; sourceTree = "<group>"; };
		28F8E3481EE9AAD40091D9E2 /* NSMutableArray+AddUnique.m */ = {isa = PBXFileReference; lastKnownFileType = sourcecode.c.objc; path = "NSMutableArray+AddUnique.m"; sourceTree = "<group>"; };
		28F8E3491EE9AAD40091D9E2 /* utils.h */ = {isa = PBXFileReference; lastKnownFileType = sourcecode.c.h; path = utils.h; sourceTree = "<group>"; };
		28F8E34A1EE9AAD40091D9E2 /* WritePadPersistentData.m */ = {isa = PBXFileReference; lastKnownFileType = sourcecode.c.objc; path = WritePadPersistentData.m; sourceTree = "<group>"; };
		28F8E34B1EE9AAD40091D9E2 /* RecognizerManager.m */ = {isa = PBXFileReference; lastKnownFileType = sourcecode.c.objc; path = RecognizerManager.m; sourceTree = "<group>"; };
		28F8E34C1EE9AAD40091D9E2 /* LanguageManager.m */ = {isa = PBXFileReference; lastKnownFileType = sourcecode.c.objc; path = LanguageManager.m; sourceTree = "<group>"; };
		28F8E34D1EE9AAD40091D9E2 /* RectObject.h */ = {isa = PBXFileReference; lastKnownFileType = sourcecode.c.h; path = RectObject.h; sourceTree = "<group>"; };
		28F8E34E1EE9AAD40091D9E2 /* SuggestionsView.h */ = {isa = PBXFileReference; lastKnownFileType = sourcecode.c.h; path = SuggestionsView.h; sourceTree = "<group>"; };
		28F8E34F1EE9AAD40091D9E2 /* OptionKeys.h */ = {isa = PBXFileReference; lastKnownFileType = sourcecode.c.h; path = OptionKeys.h; sourceTree = "<group>"; };
		28F8E3501EE9AAD40091D9E2 /* WPTextView.m */ = {isa = PBXFileReference; lastKnownFileType = sourcecode.c.objc; path = WPTextView.m; sourceTree = "<group>"; };
		28F8E3511EE9AAD40091D9E2 /* UIConst.h */ = {isa = PBXFileReference; lastKnownFileType = sourcecode.c.h; path = UIConst.h; sourceTree = "<group>"; };
		28F8E3521EE9AAD40091D9E2 /* RecognizerManager.h */ = {isa = PBXFileReference; lastKnownFileType = sourcecode.c.h; path = RecognizerManager.h; sourceTree = "<group>"; };
		28F8E3531EE9AAD40091D9E2 /* WritePadPersistentData.h */ = {isa = PBXFileReference; lastKnownFileType = sourcecode.c.h; path = WritePadPersistentData.h; sourceTree = "<group>"; };
		28F8E3541EE9AAD40091D9E2 /* utils.m */ = {isa = PBXFileReference; lastKnownFileType = sourcecode.c.objc; path = utils.m; sourceTree = "<group>"; };
		28F8E3551EE9AAD40091D9E2 /* NSMutableArray+AddUnique.h */ = {isa = PBXFileReference; lastKnownFileType = sourcecode.c.h; path = "NSMutableArray+AddUnique.h"; sourceTree = "<group>"; };
		28F8E3561EE9AAD40091D9E2 /* LanguageManager.h */ = {isa = PBXFileReference; lastKnownFileType = sourcecode.c.h; path = LanguageManager.h; sourceTree = "<group>"; };
		28F8E3571EE9AAD40091D9E2 /* SuggestionsView.m */ = {isa = PBXFileReference; lastKnownFileType = sourcecode.c.objc; path = SuggestionsView.m; sourceTree = "<group>"; };
		28F8E3581EE9AAD40091D9E2 /* RectObject.m */ = {isa = PBXFileReference; lastKnownFileType = sourcecode.c.objc; path = RectObject.m; sourceTree = "<group>"; };
		28F8E3591EE9AAD40091D9E2 /* WPTextView.h */ = {isa = PBXFileReference; lastKnownFileType = sourcecode.c.h; path = WPTextView.h; sourceTree = "<group>"; };
		28F8E35B1EE9AAD40091D9E2 /* LetterGroupView.h */ = {isa = PBXFileReference; lastKnownFileType = sourcecode.c.h; path = LetterGroupView.h; sourceTree = "<group>"; };
		28F8E35C1EE9AAD40091D9E2 /* LetterShapesController.h */ = {isa = PBXFileReference; lastKnownFileType = sourcecode.c.h; path = LetterShapesController.h; sourceTree = "<group>"; };
		28F8E35D1EE9AAD40091D9E2 /* ThumbImageView.m */ = {isa = PBXFileReference; lastKnownFileType = sourcecode.c.objc; path = ThumbImageView.m; sourceTree = "<group>"; };
		28F8E35E1EE9AAD40091D9E2 /* lidt_ger.h */ = {isa = PBXFileReference; lastKnownFileType = sourcecode.c.h; path = lidt_ger.h; sourceTree = "<group>"; };
		28F8E35F1EE9AAD40091D9E2 /* lidt_eng.h */ = {isa = PBXFileReference; lastKnownFileType = sourcecode.c.h; path = lidt_eng.h; sourceTree = "<group>"; };
		28F8E3601EE9AAD40091D9E2 /* letimg.h */ = {isa = PBXFileReference; lastKnownFileType = sourcecode.c.h; path = letimg.h; sourceTree = "<group>"; };
		28F8E3611EE9AAD40091D9E2 /* liintern.h */ = {isa = PBXFileReference; lastKnownFileType = sourcecode.c.h; path = liintern.h; sourceTree = "<group>"; };
		28F8E3621EE9AAD40091D9E2 /* ligstate.h */ = {isa = PBXFileReference; lastKnownFileType = sourcecode.c.h; path = ligstate.h; sourceTree = "<group>"; };
		28F8E3631EE9AAD40091D9E2 /* ShapeAPI.h */ = {isa = PBXFileReference; lastKnownFileType = sourcecode.c.h; path = ShapeAPI.h; sourceTree = "<group>"; };
		28F8E3641EE9AAD40091D9E2 /* LetterGroupView.m */ = {isa = PBXFileReference; lastKnownFileType = sourcecode.c.objc; path = LetterGroupView.m; sourceTree = "<group>"; };
		28F8E3651EE9AAD40091D9E2 /* lidatadf.h */ = {isa = PBXFileReference; lastKnownFileType = sourcecode.c.h; path = lidatadf.h; sourceTree = "<group>"; };
		28F8E3661EE9AAD40091D9E2 /* ThumbImageView.h */ = {isa = PBXFileReference; lastKnownFileType = sourcecode.c.h; path = ThumbImageView.h; sourceTree = "<group>"; };
		28F8E3671EE9AAD40091D9E2 /* LetterShapesController.m */ = {isa = PBXFileReference; lastKnownFileType = sourcecode.c.objc; path = LetterShapesController.m; sourceTree = "<group>"; };
		28F8E3681EE9AAD40091D9E2 /* letimg.c */ = {isa = PBXFileReference; lastKnownFileType = sourcecode.c.c; path = letimg.c; sourceTree = "<group>"; };
		28F8E3691EE9AAD40091D9E2 /* lidt_fre.h */ = {isa = PBXFileReference; lastKnownFileType = sourcecode.c.h; path = lidt_fre.h; sourceTree = "<group>"; };
		28F8E36A1EE9AAD40091D9E2 /* lidata.c */ = {isa = PBXFileReference; lastKnownFileType = sourcecode.c.c; path = lidata.c; sourceTree = "<group>"; };
		28F8E36C1EE9AAD40091D9E2 /* Shortcuts.m */ = {isa = PBXFileReference; lastKnownFileType = sourcecode.c.objc; path = Shortcuts.m; sourceTree = "<group>"; };
		28F8E36D1EE9AAD40091D9E2 /* Shortcut.h */ = {isa = PBXFileReference; lastKnownFileType = sourcecode.c.h; path = Shortcut.h; sourceTree = "<group>"; };
		28F8E36E1EE9AAD40091D9E2 /* Shortcut.m */ = {isa = PBXFileReference; lastKnownFileType = sourcecode.c.objc; path = Shortcut.m; sourceTree = "<group>"; };
		28F8E36F1EE9AAD40091D9E2 /* Shortcuts.h */ = {isa = PBXFileReference; lastKnownFileType = sourcecode.c.h; path = Shortcuts.h; sourceTree = "<group>"; };
		28F8E3711EE9AAD40091D9E2 /* AsyncResultView.h */ = {isa = PBXFileReference; lastKnownFileType = sourcecode.c.h; path = AsyncResultView.h; sourceTree = "<group>"; };
		28F8E3721EE9AAD40091D9E2 /* WritePadInputPanel.h */ = {isa = PBXFileReference; lastKnownFileType = sourcecode.c.h; path = WritePadInputPanel.h; sourceTree = "<group>"; };
		28F8E3731EE9AAD40091D9E2 /* WritePadInputView.h */ = {isa = PBXFileReference; lastKnownFileType = sourcecode.c.h; path = WritePadInputView.h; sourceTree = "<group>"; };
		28F8E3741EE9AAD40091D9E2 /* AsyncResultView.m */ = {isa = PBXFileReference; lastKnownFileType = sourcecode.c.objc; path = AsyncResultView.m; sourceTree = "<group>"; };
		28F8E3751EE9AAD40091D9E2 /* WritePadInputView.m */ = {isa = PBXFileReference; lastKnownFileType = sourcecode.c.objc; path = WritePadInputView.m; sourceTree = "<group>"; };
		28F8E3761EE9AAD40091D9E2 /* WritePadInputPanel.m */ = {isa = PBXFileReference; lastKnownFileType = sourcecode.c.objc; path = WritePadInputPanel.m; sourceTree = "<group>"; };
		28F8E3781EE9AAD40091D9E2 /* MedicalUS.dct */ = {isa = PBXFileReference; lastKnownFileType = file; path = MedicalUS.dct; sourceTree = "<group>"; };
		28F8E3791EE9AAD40091D9E2 /* English.dct */ = {isa = PBXFileReference; lastKnownFileType = file; path = English.dct; sourceTree = "<group>"; };
		28F8E37A1EE9AAD40091D9E2 /* Brazilian.dct */ = {isa = PBXFileReference; lastKnownFileType = file; path = Brazilian.dct; sourceTree = "<group>"; };
		28F8E37B1EE9AAD40091D9E2 /* Spanish.dct */ = {isa = PBXFileReference; lastKnownFileType = file; path = Spanish.dct; sourceTree = "<group>"; };
		28F8E37C1EE9AAD40091D9E2 /* Italian.dct */ = {isa = PBXFileReference; lastKnownFileType = file; path = Italian.dct; sourceTree = "<group>"; };
		28F8E37D1EE9AAD40091D9E2 /* Portuguese.dct */ = {isa = PBXFileReference; lastKnownFileType = file; path = Portuguese.dct; sourceTree = "<group>"; };
		28F8E37E1EE9AAD40091D9E2 /* Dutch.dct */ = {isa = PBXFileReference; lastKnownFileType = file; path = Dutch.dct; sourceTree = "<group>"; };
		28F8E37F1EE9AAD40091D9E2 /* German.dct */ = {isa = PBXFileReference; lastKnownFileType = file; path = German.dct; sourceTree = "<group>"; };
		28F8E3801EE9AAD40091D9E2 /* Indonesian.dct */ = {isa = PBXFileReference; lastKnownFileType = file; path = Indonesian.dct; sourceTree = "<group>"; };
		28F8E3811EE9AAD40091D9E2 /* Norwegian.dct */ = {isa = PBXFileReference; lastKnownFileType = file; path = Norwegian.dct; sourceTree = "<group>"; };
		28F8E3821EE9AAD40091D9E2 /* Swedish.dct */ = {isa = PBXFileReference; lastKnownFileType = file; path = Swedish.dct; sourceTree = "<group>"; };
		28F8E3831EE9AAD40091D9E2 /* EnglishUK.dct */ = {isa = PBXFileReference; lastKnownFileType = file; path = EnglishUK.dct; sourceTree = "<group>"; };
		28F8E3841EE9AAD40091D9E2 /* Finnish.dct */ = {isa = PBXFileReference; lastKnownFileType = file; path = Finnish.dct; sourceTree = "<group>"; };
		28F8E3851EE9AAD40091D9E2 /* French.dct */ = {isa = PBXFileReference; lastKnownFileType = file; path = French.dct; sourceTree = "<group>"; };
		28F8E3861EE9AAD40091D9E2 /* Danish.dct */ = {isa = PBXFileReference; lastKnownFileType = file; path = Danish.dct; sourceTree = "<group>"; };
		28FBF2AA1EE87D76004D83BF /* Plus.-Bridging-Header.h */ = {isa = PBXFileReference; lastKnownFileType = sourcecode.c.h; path = "Plus.-Bridging-Header.h"; sourceTree = "<group>"; };
		28FBF2AF1EE87DDE004D83BF /* SpeechViewController.swift */ = {isa = PBXFileReference; lastKnownFileType = sourcecode.swift; path = SpeechViewController.swift; sourceTree = "<group>"; };
		41E593850244D5392F72B002 /* Pods-Plus..release.xcconfig */ = {isa = PBXFileReference; includeInIndex = 1; lastKnownFileType = text.xcconfig; name = "Pods-Plus..release.xcconfig"; path = "Pods/Target Support Files/Pods-Plus./Pods-Plus..release.xcconfig"; sourceTree = "<group>"; };
		58073B63F2B362F1EB56DABA /* Pods_Plus_.framework */ = {isa = PBXFileReference; explicitFileType = wrapper.framework; includeInIndex = 0; path = Pods_Plus_.framework; sourceTree = BUILT_PRODUCTS_DIR; };
		BE98D9096D41C7CAF87274C6 /* libPods-Tool Box.a */ = {isa = PBXFileReference; explicitFileType = archive.ar; includeInIndex = 0; path = "libPods-Tool Box.a"; sourceTree = BUILT_PRODUCTS_DIR; };
/* End PBXFileReference section */

/* Begin PBXFrameworksBuildPhase section */
		006FB1A41D047CC300768D92 /* Frameworks */ = {
			isa = PBXFrameworksBuildPhase;
			buildActionMask = 2147483647;
			files = (
				006FB1A91D047CC300768D92 /* NotificationCenter.framework in Frameworks */,
			);
			runOnlyForDeploymentPostprocessing = 0;
		};
		28BFC69D1B5493DA00E45770 /* Frameworks */ = {
			isa = PBXFrameworksBuildPhase;
			buildActionMask = 2147483647;
			files = (
				28F8E3871EE9AB400091D9E2 /* libWritePadRecoUniversal.a in Frameworks */,
				2872E75D1D8DE699004D0D62 /* AVFoundation.framework in Frameworks */,
				284737571D85BA0E00B56DB0 /* Speech.framework in Frameworks */,
				28E2A5651B54B39400126C42 /* UIKit.framework in Frameworks */,
				28E2A5631B54B39000126C42 /* MessageUI.framework in Frameworks */,
				A59844EBE63A8A074A7F772E /* Pods_Plus_.framework in Frameworks */,
			);
			runOnlyForDeploymentPostprocessing = 0;
		};
		28E2A52A1B54B29700126C42 /* Frameworks */ = {
			isa = PBXFrameworksBuildPhase;
			buildActionMask = 2147483647;
			files = (
			);
			runOnlyForDeploymentPostprocessing = 0;
		};
		9DBFBE2CBF47660A6EC6FEBF /* Frameworks */ = {
			isa = PBXFrameworksBuildPhase;
			buildActionMask = 2147483647;
			files = (
			);
			runOnlyForDeploymentPostprocessing = 0;
		};
/* End PBXFrameworksBuildPhase section */

/* Begin PBXGroup section */
		00594D3B1D6A9D5000CB1DB4 /* Media */ = {
			isa = PBXGroup;
			children = (
				28E2A5681B54B5E700126C42 /* Media.xcassets */,
				28BE24C11D88DF230065D520 /* microphone-1.png */,
				00B58A1A1D6E935E00B7870E /* compass_1.png */,
				00D6DBD01BE6B53A00BDC277 /* left.png */,
				00594D391D6A9BF300CB1DB4 /* circled_down_filled.png */,
			);
			name = Media;
			sourceTree = "<group>";
		};
		00594D3C1D6A9D7000CB1DB4 /* Nibs */ = {
			isa = PBXGroup;
			children = (
				0004010F1DA94FA3005E51E9 /* Main.storyboard */,
				28BFC6B21B5493DA00E45770 /* LaunchScreen.xib */,
			);
			name = Nibs;
			sourceTree = "<group>";
		};
		00594D3D1D6A9D7F00CB1DB4 /* ViewControllers */ = {
			isa = PBXGroup;
			children = (
				28FBF2AF1EE87DDE004D83BF /* SpeechViewController.swift */,
				282FB0BD1EE8BF9100EBECED /* HandwritingViewController.swift */,
				001E87291F9E8CFC0040F5B1 /* StopWatchViewController.swift */,
				282FB0BA1EE8BF7600EBECED /* PreferenceViewController.h */,
				282FB0BB1EE8BF7600EBECED /* PreferenceViewController.m */,
				284737531D85B9CE00B56DB0 /* CalculatorViewController.h */,
				284737541D85B9CE00B56DB0 /* CalculatorViewController.m */,
			);
			name = ViewControllers;
			sourceTree = "<group>";
		};
		00594D3E1D6A9D8900CB1DB4 /* Classes */ = {
			isa = PBXGroup;
			children = (
				2872E75E1D8DE929004D0D62 /* Speech.h */,
				2872E75F1D8DE929004D0D62 /* Speech.m */,
				289FC80D1D86336800D3BDAF /* SpeechParser.h */,
				289FC80E1D86336800D3BDAF /* SpeechParser.m */,
				007A7D431D6A03BE00871577 /* GeoPointCompass.h */,
				007A7D441D6A03BE00871577 /* GeoPointCompass.m */,
			);
			name = Classes;
			sourceTree = "<group>";
		};
		006FB1AA1D047CC300768D92 /* Tool Box Widget */ = {
			isa = PBXGroup;
			children = (
				006FB1AB1D047CC300768D92 /* TodayViewController.h */,
				006FB1AC1D047CC300768D92 /* TodayViewController.m */,
				006FB1AE1D047CC300768D92 /* MainInterface.storyboard */,
				006FB1B11D047CC300768D92 /* Info.plist */,
			);
			path = "Tool Box Widget";
			sourceTree = "<group>";
		};
		2874B3D21EE8903900EDDD86 /* Fonts */ = {
			isa = PBXGroup;
			children = (
				2874B3D31EE8903900EDDD86 /* SFCompactDisplay-Heavy.otf */,
				2874B3D41EE8903900EDDD86 /* SFCompactText-Medium.otf */,
				2874B3D51EE8903900EDDD86 /* SF-Pro-Display-Thin.otf */,
				2874B3D61EE8903900EDDD86 /* SF-Pro-Display-SemiboldItalic.otf */,
				2874B3D71EE8903900EDDD86 /* SF-Pro-Text-Heavy.otf */,
				2874B3D81EE8903900EDDD86 /* SF-Pro-Display-RegularItalic.otf */,
				2874B3D91EE8903900EDDD86 /* SF-Pro-Display-Light.otf */,
				2874B3DA1EE8903900EDDD86 /* SF-Pro-Display-Regular.otf */,
				2874B3DB1EE8903900EDDD86 /* SF-Pro-Text-MediumItalic.otf */,
				2874B3DC1EE8903900EDDD86 /* SF-Pro-Display-Bold.otf */,
				2874B3DD1EE8903900EDDD86 /* SF-Pro-Display-Medium.otf */,
				2874B3DE1EE8903900EDDD86 /* SF-Pro-Display-Heavy.otf */,
				2874B3DF1EE8903900EDDD86 /* SFCompactDisplay-Light.otf */,
				2874B3E01EE8903900EDDD86 /* SFCompactText-Regular.otf */,
				2874B3E11EE8903900EDDD86 /* SFCompactDisplay-Semibold.otf */,
				2874B3E21EE8903900EDDD86 /* SF-Pro-Text-Light.otf */,
				2874B3E31EE8903900EDDD86 /* SF-Pro-Display-Semibold.otf */,
				2874B3E41EE8903900EDDD86 /* SFCompactDisplay-Medium.otf */,
				2874B3E51EE8903900EDDD86 /* SFCompactDisplay-Black.otf */,
				2874B3E61EE8903900EDDD86 /* SF-Pro-Text-Regular.otf */,
				2874B3E71EE8903900EDDD86 /* SFCompactDisplay-Regular.otf */,
				2874B3E81EE8903900EDDD86 /* SF-Pro-Text-Bold.otf */,
				2874B3E91EE8903900EDDD86 /* SFCompactText-MediumItalic.otf */,
				2874B3EA1EE8903900EDDD86 /* SFCompactText-Semibold.otf */,
				2874B3EB1EE8903900EDDD86 /* SFCompactText-RegularItalic.otf */,
				2874B3EC1EE8903900EDDD86 /* SFCompactText-Light.otf */,
				2874B3ED1EE8903900EDDD86 /* SF-Pro-Display-Ultralight.otf */,
				2874B3EE1EE8903900EDDD86 /* SF-Pro-Display-UltralightItalic.otf */,
				2874B3EF1EE8903900EDDD86 /* SFCompactDisplay-Bold.otf */,
				2874B3F01EE8903900EDDD86 /* SFCompactText-Bold.otf */,
				2874B3F11EE8903900EDDD86 /* SF-Pro-Display-Black.otf */,
				2874B3F21EE8903900EDDD86 /* SFCompactDisplay-Ultralight.otf */,
				2874B3F31EE8903900EDDD86 /* SFCompactText-Heavy.otf */,
				2874B3F41EE8903900EDDD86 /* SF-Pro-Text-BoldItalic.otf */,
				2874B3F51EE8903900EDDD86 /* SF-Pro-Text-RegularItalic.otf */,
				2874B3F61EE8903900EDDD86 /* SF-Pro-Text-Semibold.otf */,
				2874B3F71EE8903900EDDD86 /* SF-Pro-Display-ThinItalic.otf */,
				2874B3F81EE8903900EDDD86 /* SFCompactText-LightItalic.otf */,
				2874B3F91EE8903900EDDD86 /* SF-Pro-Text-Medium.otf */,
				2874B3FA1EE8903900EDDD86 /* SFCompactDisplay-Thin.otf */,
			);
			path = Fonts;
			sourceTree = "<group>";
		};
		28BFC6971B5493DA00E45770 = {
			isa = PBXGroup;
			children = (
				28E2A5641B54B39400126C42 /* UIKit.framework */,
				28E2A5621B54B39000126C42 /* MessageUI.framework */,
				28BFC6A21B5493DA00E45770 /* Plus. */,
				28E2A52E1B54B29700126C42 /* Tool Box WatchKit Extension */,
				28E2A5401B54B29700126C42 /* Tool Box WatchKit App */,
				006FB1AA1D047CC300768D92 /* Tool Box Widget */,
				28BFC6A11B5493DA00E45770 /* Products */,
				D47130B1FB6632499E665E24 /* Pods */,
				7D9B626185536093D39BCFD3 /* Frameworks */,
			);
			sourceTree = "<group>";
		};
		28BFC6A11B5493DA00E45770 /* Products */ = {
			isa = PBXGroup;
			children = (
				28BFC6A01B5493DA00E45770 /* Plus..app */,
				28E2A52D1B54B29700126C42 /* Plus. WatchKit Extension.appex */,
				28E2A53C1B54B29700126C42 /* Plus. WatchKit App.app */,
				006FB1A71D047CC300768D92 /* Plus. Widget.appex */,
			);
			name = Products;
			sourceTree = "<group>";
		};
		28BFC6A21B5493DA00E45770 /* Plus. */ = {
			isa = PBXGroup;
			children = (
				28F5D2841EE9AA5D00D00054 /* libWritePadRecoUniversal.a */,
				28F8E33B1EE9AAD40091D9E2 /* include */,
				28F8E3431EE9AAD40091D9E2 /* Shared */,
				00594D3D1D6A9D7F00CB1DB4 /* ViewControllers */,
				28BFC6A31B5493DA00E45770 /* Supporting Files */,
				00594D3C1D6A9D7000CB1DB4 /* Nibs */,
				00594D3E1D6A9D8900CB1DB4 /* Classes */,
				00594D3B1D6A9D5000CB1DB4 /* Media */,
			);
			name = Plus.;
			path = "Tool Box";
			sourceTree = "<group>";
		};
		28BFC6A31B5493DA00E45770 /* Supporting Files */ = {
			isa = PBXGroup;
			children = (
				28FBF2AA1EE87D76004D83BF /* Plus.-Bridging-Header.h */,
				2874B3D21EE8903900EDDD86 /* Fonts */,
				28F8E3771EE9AAD40091D9E2 /* Dictionaries */,
				008C22CC1D047AAE00E34325 /* GoogleService-Info.plist */,
				28BFC6A41B5493DA00E45770 /* Info.plist */,
				28BFC6A51B5493DA00E45770 /* main.m */,
				282FB0C01EE8BFF800EBECED /* AppDelegate.m */,
				282FB0BF1EE8BFF800EBECED /* AppDelegate.h */,
			);
			name = "Supporting Files";
			sourceTree = "<group>";
		};
		28E2A52E1B54B29700126C42 /* Tool Box WatchKit Extension */ = {
			isa = PBXGroup;
			children = (
				28E2A5321B54B29700126C42 /* InterfaceController.h */,
				28E2A5331B54B29700126C42 /* InterfaceController.m */,
				28E2A5351B54B29700126C42 /* NotificationController.h */,
				28E2A5361B54B29700126C42 /* NotificationController.m */,
				28E2A52F1B54B29700126C42 /* Supporting Files */,
			);
			path = "Tool Box WatchKit Extension";
			sourceTree = "<group>";
		};
		28E2A52F1B54B29700126C42 /* Supporting Files */ = {
			isa = PBXGroup;
			children = (
				28E2A5301B54B29700126C42 /* Info.plist */,
				28E2A5311B54B29700126C42 /* PushNotificationPayload.apns */,
				28E2A55E1B54B36200126C42 /* Images.xcassets */,
			);
			name = "Supporting Files";
			sourceTree = "<group>";
		};
		28E2A5401B54B29700126C42 /* Tool Box WatchKit App */ = {
			isa = PBXGroup;
			children = (
				28E2A5431B54B29700126C42 /* Interface.storyboard */,
				28E2A5581B54B35000126C42 /* Images.xcassets */,
				28E2A5411B54B29700126C42 /* Supporting Files */,
			);
			path = "Tool Box WatchKit App";
			sourceTree = "<group>";
		};
		28E2A5411B54B29700126C42 /* Supporting Files */ = {
			isa = PBXGroup;
			children = (
				28E2A5421B54B29700126C42 /* Info.plist */,
			);
			name = "Supporting Files";
			sourceTree = "<group>";
		};
		28F8E33B1EE9AAD40091D9E2 /* include */ = {
			isa = PBXGroup;
			children = (
				28F8E33C1EE9AAD40091D9E2 /* RecognizerApi.h */,
				28F8E33D1EE9AAD40091D9E2 /* langid.h */,
				28F8E33E1EE9AAD40091D9E2 /* recodefs.h */,
				28F8E33F1EE9AAD40091D9E2 /* gestures.h */,
				28F8E3401EE9AAD40091D9E2 /* InkWrapper.h */,
				28F8E3411EE9AAD40091D9E2 /* recotypes.h */,
				28F8E3421EE9AAD40091D9E2 /* RecognizerWrapper.h */,
			);
			path = include;
			sourceTree = "<group>";
		};
		28F8E3431EE9AAD40091D9E2 /* Shared */ = {
			isa = PBXGroup;
			children = (
				28F8E3441EE9AAD40091D9E2 /* WriteAnywhere */,
				28F8E3471EE9AAD40091D9E2 /* Utilities */,
				28F8E35A1EE9AAD40091D9E2 /* ShapeSelector */,
				28F8E36B1EE9AAD40091D9E2 /* Shortcuts */,
				28F8E3701EE9AAD40091D9E2 /* WritePanel */,
			);
			path = Shared;
			sourceTree = "<group>";
		};
		28F8E3441EE9AAD40091D9E2 /* WriteAnywhere */ = {
			isa = PBXGroup;
			children = (
				28F8E3451EE9AAD40091D9E2 /* InkCollectorView.h */,
				28F8E3461EE9AAD40091D9E2 /* InkCollectorView.m */,
			);
			path = WriteAnywhere;
			sourceTree = "<group>";
		};
		28F8E3471EE9AAD40091D9E2 /* Utilities */ = {
			isa = PBXGroup;
			children = (
				28F8E3481EE9AAD40091D9E2 /* NSMutableArray+AddUnique.m */,
				28F8E3491EE9AAD40091D9E2 /* utils.h */,
				28F8E34A1EE9AAD40091D9E2 /* WritePadPersistentData.m */,
				28F8E34B1EE9AAD40091D9E2 /* RecognizerManager.m */,
				28F8E34C1EE9AAD40091D9E2 /* LanguageManager.m */,
				28F8E34D1EE9AAD40091D9E2 /* RectObject.h */,
				28F8E34E1EE9AAD40091D9E2 /* SuggestionsView.h */,
				28F8E34F1EE9AAD40091D9E2 /* OptionKeys.h */,
				28F8E3501EE9AAD40091D9E2 /* WPTextView.m */,
				28F8E3511EE9AAD40091D9E2 /* UIConst.h */,
				28F8E3521EE9AAD40091D9E2 /* RecognizerManager.h */,
				28F8E3531EE9AAD40091D9E2 /* WritePadPersistentData.h */,
				28F8E3541EE9AAD40091D9E2 /* utils.m */,
				28F8E3551EE9AAD40091D9E2 /* NSMutableArray+AddUnique.h */,
				28F8E3561EE9AAD40091D9E2 /* LanguageManager.h */,
				28F8E3571EE9AAD40091D9E2 /* SuggestionsView.m */,
				28F8E3581EE9AAD40091D9E2 /* RectObject.m */,
				28F8E3591EE9AAD40091D9E2 /* WPTextView.h */,
			);
			path = Utilities;
			sourceTree = "<group>";
		};
		28F8E35A1EE9AAD40091D9E2 /* ShapeSelector */ = {
			isa = PBXGroup;
			children = (
				28F8E35B1EE9AAD40091D9E2 /* LetterGroupView.h */,
				28F8E35C1EE9AAD40091D9E2 /* LetterShapesController.h */,
				28F8E35D1EE9AAD40091D9E2 /* ThumbImageView.m */,
				28F8E35E1EE9AAD40091D9E2 /* lidt_ger.h */,
				28F8E35F1EE9AAD40091D9E2 /* lidt_eng.h */,
				28F8E3601EE9AAD40091D9E2 /* letimg.h */,
				28F8E3611EE9AAD40091D9E2 /* liintern.h */,
				28F8E3621EE9AAD40091D9E2 /* ligstate.h */,
				28F8E3631EE9AAD40091D9E2 /* ShapeAPI.h */,
				28F8E3641EE9AAD40091D9E2 /* LetterGroupView.m */,
				28F8E3651EE9AAD40091D9E2 /* lidatadf.h */,
				28F8E3661EE9AAD40091D9E2 /* ThumbImageView.h */,
				28F8E3671EE9AAD40091D9E2 /* LetterShapesController.m */,
				28F8E3681EE9AAD40091D9E2 /* letimg.c */,
				28F8E3691EE9AAD40091D9E2 /* lidt_fre.h */,
				28F8E36A1EE9AAD40091D9E2 /* lidata.c */,
			);
			path = ShapeSelector;
			sourceTree = "<group>";
		};
		28F8E36B1EE9AAD40091D9E2 /* Shortcuts */ = {
			isa = PBXGroup;
			children = (
				28F8E36C1EE9AAD40091D9E2 /* Shortcuts.m */,
				28F8E36D1EE9AAD40091D9E2 /* Shortcut.h */,
				28F8E36E1EE9AAD40091D9E2 /* Shortcut.m */,
				28F8E36F1EE9AAD40091D9E2 /* Shortcuts.h */,
			);
			path = Shortcuts;
			sourceTree = "<group>";
		};
		28F8E3701EE9AAD40091D9E2 /* WritePanel */ = {
			isa = PBXGroup;
			children = (
				28F8E3711EE9AAD40091D9E2 /* AsyncResultView.h */,
				28F8E3721EE9AAD40091D9E2 /* WritePadInputPanel.h */,
				28F8E3731EE9AAD40091D9E2 /* WritePadInputView.h */,
				28F8E3741EE9AAD40091D9E2 /* AsyncResultView.m */,
				28F8E3751EE9AAD40091D9E2 /* WritePadInputView.m */,
				28F8E3761EE9AAD40091D9E2 /* WritePadInputPanel.m */,
			);
			path = WritePanel;
			sourceTree = "<group>";
		};
		28F8E3771EE9AAD40091D9E2 /* Dictionaries */ = {
			isa = PBXGroup;
			children = (
				28F8E3781EE9AAD40091D9E2 /* MedicalUS.dct */,
				28F8E3791EE9AAD40091D9E2 /* English.dct */,
				28F8E37A1EE9AAD40091D9E2 /* Brazilian.dct */,
				28F8E37B1EE9AAD40091D9E2 /* Spanish.dct */,
				28F8E37C1EE9AAD40091D9E2 /* Italian.dct */,
				28F8E37D1EE9AAD40091D9E2 /* Portuguese.dct */,
				28F8E37E1EE9AAD40091D9E2 /* Dutch.dct */,
				28F8E37F1EE9AAD40091D9E2 /* German.dct */,
				28F8E3801EE9AAD40091D9E2 /* Indonesian.dct */,
				28F8E3811EE9AAD40091D9E2 /* Norwegian.dct */,
				28F8E3821EE9AAD40091D9E2 /* Swedish.dct */,
				28F8E3831EE9AAD40091D9E2 /* EnglishUK.dct */,
				28F8E3841EE9AAD40091D9E2 /* Finnish.dct */,
				28F8E3851EE9AAD40091D9E2 /* French.dct */,
				28F8E3861EE9AAD40091D9E2 /* Danish.dct */,
			);
			path = Dictionaries;
			sourceTree = "<group>";
		};
		7D9B626185536093D39BCFD3 /* Frameworks */ = {
			isa = PBXGroup;
			children = (
				2872E75C1D8DE699004D0D62 /* AVFoundation.framework */,
				284737561D85BA0E00B56DB0 /* Speech.framework */,
				BE98D9096D41C7CAF87274C6 /* libPods-Tool Box.a */,
				006FB1A81D047CC300768D92 /* NotificationCenter.framework */,
				58073B63F2B362F1EB56DABA /* Pods_Plus_.framework */,
			);
			name = Frameworks;
			sourceTree = "<group>";
		};
		D47130B1FB6632499E665E24 /* Pods */ = {
			isa = PBXGroup;
			children = (
				1567500C16668611F0A3057A /* Pods-Plus..debug.xcconfig */,
				41E593850244D5392F72B002 /* Pods-Plus..release.xcconfig */,
			);
			name = Pods;
			sourceTree = "<group>";
		};
/* End PBXGroup section */

/* Begin PBXNativeTarget section */
		006FB1A61D047CC300768D92 /* Plus. Widget */ = {
			isa = PBXNativeTarget;
			buildConfigurationList = 006FB1B71D047CC300768D92 /* Build configuration list for PBXNativeTarget "Plus. Widget" */;
			buildPhases = (
				006FB1A31D047CC300768D92 /* Sources */,
				006FB1A41D047CC300768D92 /* Frameworks */,
				006FB1A51D047CC300768D92 /* Resources */,
			);
			buildRules = (
			);
			dependencies = (
			);
			name = "Plus. Widget";
			productName = "Tool Box Widget";
			productReference = 006FB1A71D047CC300768D92 /* Plus. Widget.appex */;
			productType = "com.apple.product-type.app-extension";
		};
		28BFC69F1B5493DA00E45770 /* Plus. */ = {
			isa = PBXNativeTarget;
			buildConfigurationList = 28BFC6C31B5493DA00E45770 /* Build configuration list for PBXNativeTarget "Plus." */;
			buildPhases = (
				C8281B5F54D4445D618FBFA7 /* [CP] Check Pods Manifest.lock */,
				28BFC69C1B5493DA00E45770 /* Sources */,
				28BFC69D1B5493DA00E45770 /* Frameworks */,
				28BFC69E1B5493DA00E45770 /* Resources */,
				288027751B9C98FC002B9AE4 /* Embed Watch Content */,
				64FB43CA2845996B6C93660E /* [CP] Embed Pods Frameworks */,
				006FB1B81D047CC300768D92 /* Embed App Extensions */,
			);
			buildRules = (
			);
			dependencies = (
				288027721B9C98FC002B9AE4 /* PBXTargetDependency */,
				006FB1B31D047CC300768D92 /* PBXTargetDependency */,
			);
			name = Plus.;
			productName = "Tool Box";
			productReference = 28BFC6A01B5493DA00E45770 /* Plus..app */;
			productType = "com.apple.product-type.application";
		};
		28E2A52C1B54B29700126C42 /* Plus. WatchKit Extension */ = {
			isa = PBXNativeTarget;
			buildConfigurationList = 28E2A5501B54B29700126C42 /* Build configuration list for PBXNativeTarget "Plus. WatchKit Extension" */;
			buildPhases = (
				28E2A5291B54B29700126C42 /* Sources */,
				28E2A52A1B54B29700126C42 /* Frameworks */,
				28E2A52B1B54B29700126C42 /* Resources */,
			);
			buildRules = (
			);
			dependencies = (
			);
			name = "Plus. WatchKit Extension";
			productName = "Tool Box WatchKit Extension";
			productReference = 28E2A52D1B54B29700126C42 /* Plus. WatchKit Extension.appex */;
			productType = "com.apple.product-type.watchkit2-extension";
		};
		28E2A53B1B54B29700126C42 /* Plus. WatchKit App */ = {
			isa = PBXNativeTarget;
			buildConfigurationList = 28E2A54F1B54B29700126C42 /* Build configuration list for PBXNativeTarget "Plus. WatchKit App" */;
			buildPhases = (
				28E2A53A1B54B29700126C42 /* Resources */,
				288027741B9C98FC002B9AE4 /* Embed App Extensions */,
				9DBFBE2CBF47660A6EC6FEBF /* Frameworks */,
			);
			buildRules = (
			);
			dependencies = (
				2880276F1B9C98FC002B9AE4 /* PBXTargetDependency */,
			);
			name = "Plus. WatchKit App";
			productName = "Tool Box WatchKit App";
			productReference = 28E2A53C1B54B29700126C42 /* Plus. WatchKit App.app */;
			productType = "com.apple.product-type.application.watchapp2";
		};
/* End PBXNativeTarget section */

/* Begin PBXProject section */
		28BFC6981B5493DA00E45770 /* Project object */ = {
			isa = PBXProject;
			attributes = {
				LastUpgradeCheck = 0900;
				ORGANIZATIONNAME = "Yongyang Nie";
				TargetAttributes = {
					006FB1A61D047CC300768D92 = {
						CreatedOnToolsVersion = 7.3;
						DevelopmentTeam = 8NZ8K5GNH8;
					};
					28BFC69F1B5493DA00E45770 = {
						CreatedOnToolsVersion = 6.4;
						DevelopmentTeam = 8NZ8K5GNH8;
						LastSwiftMigration = 0900;
					};
					28E2A52C1B54B29700126C42 = {
						CreatedOnToolsVersion = 6.4;
						DevelopmentTeam = 8NZ8K5GNH8;
					};
					28E2A53B1B54B29700126C42 = {
						CreatedOnToolsVersion = 6.4;
						DevelopmentTeam = 8NZ8K5GNH8;
					};
				};
			};
			buildConfigurationList = 28BFC69B1B5493DA00E45770 /* Build configuration list for PBXProject "Plus." */;
			compatibilityVersion = "Xcode 6.3";
			developmentRegion = English;
			hasScannedForEncodings = 0;
			knownRegions = (
				en,
				Base,
			);
			mainGroup = 28BFC6971B5493DA00E45770;
			productRefGroup = 28BFC6A11B5493DA00E45770 /* Products */;
			projectDirPath = "";
			projectRoot = "";
			targets = (
				28BFC69F1B5493DA00E45770 /* Plus. */,
				28E2A52C1B54B29700126C42 /* Plus. WatchKit Extension */,
				28E2A53B1B54B29700126C42 /* Plus. WatchKit App */,
				006FB1A61D047CC300768D92 /* Plus. Widget */,
			);
		};
/* End PBXProject section */

/* Begin PBXResourcesBuildPhase section */
		006FB1A51D047CC300768D92 /* Resources */ = {
			isa = PBXResourcesBuildPhase;
			buildActionMask = 2147483647;
			files = (
				006FB1B01D047CC300768D92 /* MainInterface.storyboard in Resources */,
			);
			runOnlyForDeploymentPostprocessing = 0;
		};
		28BFC69E1B5493DA00E45770 /* Resources */ = {
			isa = PBXResourcesBuildPhase;
			buildActionMask = 2147483647;
			files = (
				2874B40F1EE895CD00EDDD86 /* SFCompactDisplay-Black.otf in Resources */,
				2874B4001EE895CC00EDDD86 /* SF-Pro-Display-SemiboldItalic.otf in Resources */,
				2874B4131EE895CD00EDDD86 /* SFCompactText-MediumItalic.otf in Resources */,
				2874B4121EE895CD00EDDD86 /* SF-Pro-Text-Bold.otf in Resources */,
				2874B4151EE895CD00EDDD86 /* SFCompactText-RegularItalic.otf in Resources */,
				2874B4141EE895CD00EDDD86 /* SFCompactText-Semibold.otf in Resources */,
				2874B4081EE895CC00EDDD86 /* SF-Pro-Display-Heavy.otf in Resources */,
				2874B41F1EE895CD00EDDD86 /* SF-Pro-Text-RegularItalic.otf in Resources */,
				2874B41D1EE895CD00EDDD86 /* SFCompactText-Heavy.otf in Resources */,
				2874B4181EE895CD00EDDD86 /* SF-Pro-Display-UltralightItalic.otf in Resources */,
				2874B4241EE895CD00EDDD86 /* SFCompactDisplay-Thin.otf in Resources */,
				2874B4051EE895CC00EDDD86 /* SF-Pro-Text-MediumItalic.otf in Resources */,
				00B58A1B1D6E935E00B7870E /* compass_1.png in Resources */,
				000401101DA94FA3005E51E9 /* Main.storyboard in Resources */,
				2874B4101EE895CD00EDDD86 /* SF-Pro-Text-Regular.otf in Resources */,
				28E2A5691B54B5E700126C42 /* Media.xcassets in Resources */,
				2874B40E1EE895CD00EDDD86 /* SFCompactDisplay-Medium.otf in Resources */,
				28BFC6B41B5493DA00E45770 /* LaunchScreen.xib in Resources */,
				2874B4071EE895CC00EDDD86 /* SF-Pro-Display-Medium.otf in Resources */,
				2874B4061EE895CC00EDDD86 /* SF-Pro-Display-Bold.otf in Resources */,
				2874B4221EE895CD00EDDD86 /* SFCompactText-LightItalic.otf in Resources */,
				2874B3FD1EE895CC00EDDD86 /* SFCompactDisplay-Heavy.otf in Resources */,
				2874B41C1EE895CD00EDDD86 /* SFCompactDisplay-Ultralight.otf in Resources */,
				2874B4201EE895CD00EDDD86 /* SF-Pro-Text-Semibold.otf in Resources */,
				2874B4011EE895CC00EDDD86 /* SF-Pro-Text-Heavy.otf in Resources */,
				2874B40C1EE895CC00EDDD86 /* SF-Pro-Text-Light.otf in Resources */,
				2874B4171EE895CD00EDDD86 /* SF-Pro-Display-Ultralight.otf in Resources */,
				2874B3FF1EE895CC00EDDD86 /* SF-Pro-Display-Thin.otf in Resources */,
				2874B3FE1EE895CC00EDDD86 /* SFCompactText-Medium.otf in Resources */,
				2874B4111EE895CD00EDDD86 /* SFCompactDisplay-Regular.otf in Resources */,
				2874B40D1EE895CD00EDDD86 /* SF-Pro-Display-Semibold.otf in Resources */,
				2874B4191EE895CD00EDDD86 /* SFCompactDisplay-Bold.otf in Resources */,
				00D6DBD11BE6B53A00BDC277 /* left.png in Resources */,
				2874B4021EE895CC00EDDD86 /* SF-Pro-Display-RegularItalic.otf in Resources */,
				2874B4211EE895CD00EDDD86 /* SF-Pro-Display-ThinItalic.otf in Resources */,
				2874B4031EE895CC00EDDD86 /* SF-Pro-Display-Light.otf in Resources */,
				2874B40B1EE895CC00EDDD86 /* SFCompactDisplay-Semibold.otf in Resources */,
				2874B41A1EE895CD00EDDD86 /* SFCompactText-Bold.otf in Resources */,
				00594D3A1D6A9BF300CB1DB4 /* circled_down_filled.png in Resources */,
				2874B4231EE895CD00EDDD86 /* SF-Pro-Text-Medium.otf in Resources */,
				008C22CD1D047AAE00E34325 /* GoogleService-Info.plist in Resources */,
				2874B40A1EE895CC00EDDD86 /* SFCompactText-Regular.otf in Resources */,
				2874B41E1EE895CD00EDDD86 /* SF-Pro-Text-BoldItalic.otf in Resources */,
				2874B4161EE895CD00EDDD86 /* SFCompactText-Light.otf in Resources */,
				2874B41B1EE895CD00EDDD86 /* SF-Pro-Display-Black.otf in Resources */,
				2874B4041EE895CC00EDDD86 /* SF-Pro-Display-Regular.otf in Resources */,
				28BE24C21D88DF230065D520 /* microphone-1.png in Resources */,
				2874B4091EE895CC00EDDD86 /* SFCompactDisplay-Light.otf in Resources */,
			);
			runOnlyForDeploymentPostprocessing = 0;
		};
		28E2A52B1B54B29700126C42 /* Resources */ = {
			isa = PBXResourcesBuildPhase;
			buildActionMask = 2147483647;
			files = (
				28E2A55F1B54B36200126C42 /* Images.xcassets in Resources */,
			);
			runOnlyForDeploymentPostprocessing = 0;
		};
		28E2A53A1B54B29700126C42 /* Resources */ = {
			isa = PBXResourcesBuildPhase;
			buildActionMask = 2147483647;
			files = (
				00736C161FED5FF1000CC139 /* SFCompactText-Bold.otf in Resources */,
				00736C101FED5FF1000CC139 /* SFCompactText-Semibold.otf in Resources */,
				00736C0C1FED5FF1000CC139 /* SF-Pro-Text-Regular.otf in Resources */,
				00736BFB1FED5FF1000CC139 /* SF-Pro-Display-Thin.otf in Resources */,
				00736C0E1FED5FF1000CC139 /* SF-Pro-Text-Bold.otf in Resources */,
				00736BF91FED5FF1000CC139 /* SFCompactDisplay-Heavy.otf in Resources */,
				00736C021FED5FF1000CC139 /* SF-Pro-Display-Bold.otf in Resources */,
				00736C181FED5FF1000CC139 /* SFCompactDisplay-Ultralight.otf in Resources */,
				00736C091FED5FF1000CC139 /* SF-Pro-Display-Semibold.otf in Resources */,
				00736C031FED5FF1000CC139 /* SF-Pro-Display-Medium.otf in Resources */,
				00736C121FED5FF1000CC139 /* SFCompactText-Light.otf in Resources */,
				00736C141FED5FF1000CC139 /* SF-Pro-Display-UltralightItalic.otf in Resources */,
				00736C061FED5FF1000CC139 /* SFCompactText-Regular.otf in Resources */,
				00736C1D1FED5FF1000CC139 /* SF-Pro-Display-ThinItalic.otf in Resources */,
				00736C1F1FED5FF1000CC139 /* SF-Pro-Text-Medium.otf in Resources */,
				00736C071FED5FF1000CC139 /* SFCompactDisplay-Semibold.otf in Resources */,
				00736BFC1FED5FF1000CC139 /* SF-Pro-Display-SemiboldItalic.otf in Resources */,
				00736BFD1FED5FF1000CC139 /* SF-Pro-Text-Heavy.otf in Resources */,
				00736C201FED5FF1000CC139 /* SFCompactDisplay-Thin.otf in Resources */,
				00736BFF1FED5FF1000CC139 /* SF-Pro-Display-Light.otf in Resources */,
				00736C151FED5FF1000CC139 /* SFCompactDisplay-Bold.otf in Resources */,
				00736C131FED5FF1000CC139 /* SF-Pro-Display-Ultralight.otf in Resources */,
				00736BFE1FED5FF1000CC139 /* SF-Pro-Display-RegularItalic.otf in Resources */,
				00736C1C1FED5FF1000CC139 /* SF-Pro-Text-Semibold.otf in Resources */,
				28E2A5451B54B29700126C42 /* Interface.storyboard in Resources */,
				00736C0B1FED5FF1000CC139 /* SFCompactDisplay-Black.otf in Resources */,
				00736C1B1FED5FF1000CC139 /* SF-Pro-Text-RegularItalic.otf in Resources */,
				00736C0F1FED5FF1000CC139 /* SFCompactText-MediumItalic.otf in Resources */,
				00736C041FED5FF1000CC139 /* SF-Pro-Display-Heavy.otf in Resources */,
				00736C051FED5FF1000CC139 /* SFCompactDisplay-Light.otf in Resources */,
				00736C191FED5FF1000CC139 /* SFCompactText-Heavy.otf in Resources */,
				00736C011FED5FF1000CC139 /* SF-Pro-Text-MediumItalic.otf in Resources */,
				00736C081FED5FF1000CC139 /* SF-Pro-Text-Light.otf in Resources */,
				00736C171FED5FF1000CC139 /* SF-Pro-Display-Black.otf in Resources */,
				00736BFA1FED5FF1000CC139 /* SFCompactText-Medium.otf in Resources */,
				00736C001FED5FF1000CC139 /* SF-Pro-Display-Regular.otf in Resources */,
				00736C0A1FED5FF1000CC139 /* SFCompactDisplay-Medium.otf in Resources */,
				28E2A5591B54B35000126C42 /* Images.xcassets in Resources */,
				00736C1E1FED5FF1000CC139 /* SFCompactText-LightItalic.otf in Resources */,
				00736C111FED5FF1000CC139 /* SFCompactText-RegularItalic.otf in Resources */,
				00736C1A1FED5FF1000CC139 /* SF-Pro-Text-BoldItalic.otf in Resources */,
				00736C0D1FED5FF1000CC139 /* SFCompactDisplay-Regular.otf in Resources */,
			);
			runOnlyForDeploymentPostprocessing = 0;
		};
/* End PBXResourcesBuildPhase section */

/* Begin PBXShellScriptBuildPhase section */
		64FB43CA2845996B6C93660E /* [CP] Embed Pods Frameworks */ = {
			isa = PBXShellScriptBuildPhase;
			buildActionMask = 2147483647;
			files = (
			);
			inputPaths = (
				"${SRCROOT}/Pods/Target Support Files/Pods-Plus./Pods-Plus.-frameworks.sh",
				"${BUILT_PRODUCTS_DIR}/GoogleToolboxForMac/GoogleToolboxForMac.framework",
				"${BUILT_PRODUCTS_DIR}/nanopb/nanopb.framework",
			);
			name = "[CP] Embed Pods Frameworks";
			outputPaths = (
				"${TARGET_BUILD_DIR}/${FRAMEWORKS_FOLDER_PATH}/GoogleToolboxForMac.framework",
				"${TARGET_BUILD_DIR}/${FRAMEWORKS_FOLDER_PATH}/nanopb.framework",
			);
			runOnlyForDeploymentPostprocessing = 0;
			shellPath = /bin/sh;
			shellScript = "\"${SRCROOT}/Pods/Target Support Files/Pods-Plus./Pods-Plus.-frameworks.sh\"\n";
			showEnvVarsInLog = 0;
		};
		C8281B5F54D4445D618FBFA7 /* [CP] Check Pods Manifest.lock */ = {
			isa = PBXShellScriptBuildPhase;
			buildActionMask = 2147483647;
			files = (
			);
			inputPaths = (
				"${PODS_PODFILE_DIR_PATH}/Podfile.lock",
				"${PODS_ROOT}/Manifest.lock",
			);
			name = "[CP] Check Pods Manifest.lock";
			outputPaths = (
				"$(DERIVED_FILE_DIR)/Pods-Plus.-checkManifestLockResult.txt",
			);
			runOnlyForDeploymentPostprocessing = 0;
			shellPath = /bin/sh;
			shellScript = "diff \"${PODS_PODFILE_DIR_PATH}/Podfile.lock\" \"${PODS_ROOT}/Manifest.lock\" > /dev/null\nif [ $? != 0 ] ; then\n    # print error to STDERR\n    echo \"error: The sandbox is not in sync with the Podfile.lock. Run 'pod install' or update your CocoaPods installation.\" >&2\n    exit 1\nfi\n# This output is used by Xcode 'outputs' to avoid re-running this script phase.\necho \"SUCCESS\" > \"${SCRIPT_OUTPUT_FILE_0}\"\n";
			showEnvVarsInLog = 0;
		};
/* End PBXShellScriptBuildPhase section */

/* Begin PBXSourcesBuildPhase section */
		006FB1A31D047CC300768D92 /* Sources */ = {
			isa = PBXSourcesBuildPhase;
			buildActionMask = 2147483647;
			files = (
				006FB1AD1D047CC300768D92 /* TodayViewController.m in Sources */,
			);
			runOnlyForDeploymentPostprocessing = 0;
		};
		28BFC69C1B5493DA00E45770 /* Sources */ = {
			isa = PBXSourcesBuildPhase;
			buildActionMask = 2147483647;
			files = (
				282FB0BC1EE8BF7600EBECED /* PreferenceViewController.m in Sources */,
				2872E7601D8DE929004D0D62 /* Speech.m in Sources */,
				282FB0C11EE8C06300EBECED /* AppDelegate.m in Sources */,
				284737551D85B9CE00B56DB0 /* CalculatorViewController.m in Sources */,
				001E872A1F9E8CFC0040F5B1 /* StopWatchViewController.swift in Sources */,
				28FBF2B01EE87DDE004D83BF /* SpeechViewController.swift in Sources */,
				28BFC6A61B5493DA00E45770 /* main.m in Sources */,
				289FC80F1D86336800D3BDAF /* SpeechParser.m in Sources */,
				007A7D451D6A03BE00871577 /* GeoPointCompass.m in Sources */,
			);
			runOnlyForDeploymentPostprocessing = 0;
		};
		28E2A5291B54B29700126C42 /* Sources */ = {
			isa = PBXSourcesBuildPhase;
			buildActionMask = 2147483647;
			files = (
				28E2A5371B54B29700126C42 /* NotificationController.m in Sources */,
				28E2A5341B54B29700126C42 /* InterfaceController.m in Sources */,
			);
			runOnlyForDeploymentPostprocessing = 0;
		};
/* End PBXSourcesBuildPhase section */

/* Begin PBXTargetDependency section */
		006FB1B31D047CC300768D92 /* PBXTargetDependency */ = {
			isa = PBXTargetDependency;
			target = 006FB1A61D047CC300768D92 /* Plus. Widget */;
			targetProxy = 006FB1B21D047CC300768D92 /* PBXContainerItemProxy */;
		};
		2880276F1B9C98FC002B9AE4 /* PBXTargetDependency */ = {
			isa = PBXTargetDependency;
			target = 28E2A52C1B54B29700126C42 /* Plus. WatchKit Extension */;
			targetProxy = 2880276E1B9C98FC002B9AE4 /* PBXContainerItemProxy */;
		};
		288027721B9C98FC002B9AE4 /* PBXTargetDependency */ = {
			isa = PBXTargetDependency;
			target = 28E2A53B1B54B29700126C42 /* Plus. WatchKit App */;
			targetProxy = 288027711B9C98FC002B9AE4 /* PBXContainerItemProxy */;
		};
/* End PBXTargetDependency section */

/* Begin PBXVariantGroup section */
		006FB1AE1D047CC300768D92 /* MainInterface.storyboard */ = {
			isa = PBXVariantGroup;
			children = (
				006FB1AF1D047CC300768D92 /* Base */,
			);
			name = MainInterface.storyboard;
			sourceTree = "<group>";
		};
		282FB0BD1EE8BF9100EBECED /* HandwritingViewController.swift */ = {
			isa = PBXVariantGroup;
			children = (
				282FB0BE1EE8BF9100EBECED /* Base */,
			);
			name = HandwritingViewController.swift;
			sourceTree = "<group>";
		};
		28BFC6B21B5493DA00E45770 /* LaunchScreen.xib */ = {
			isa = PBXVariantGroup;
			children = (
				28BFC6B31B5493DA00E45770 /* Base */,
			);
			name = LaunchScreen.xib;
			sourceTree = "<group>";
		};
		28E2A5431B54B29700126C42 /* Interface.storyboard */ = {
			isa = PBXVariantGroup;
			children = (
				28E2A5441B54B29700126C42 /* Base */,
			);
			name = Interface.storyboard;
			sourceTree = "<group>";
		};
/* End PBXVariantGroup section */

/* Begin XCBuildConfiguration section */
		006FB1B51D047CC300768D92 /* Debug */ = {
			isa = XCBuildConfiguration;
			buildSettings = {
				CLANG_ANALYZER_NONNULL = YES;
				CODE_SIGN_IDENTITY = "iPhone Developer";
				DEBUG_INFORMATION_FORMAT = dwarf;
				INFOPLIST_FILE = "Tool Box Widget/Info.plist";
				IPHONEOS_DEPLOYMENT_TARGET = 10.0;
				LD_RUNPATH_SEARCH_PATHS = "$(inherited) @executable_path/Frameworks @executable_path/../../Frameworks";
				PRODUCT_BUNDLE_IDENTIFIER = "com.yongyang.toobox.Tool-Box-Widget";
				PRODUCT_NAME = "$(TARGET_NAME)";
				SKIP_INSTALL = YES;
			};
			name = Debug;
		};
		006FB1B61D047CC300768D92 /* Release */ = {
			isa = XCBuildConfiguration;
			buildSettings = {
				CLANG_ANALYZER_NONNULL = YES;
				CODE_SIGN_IDENTITY = "iPhone Developer";
				INFOPLIST_FILE = "Tool Box Widget/Info.plist";
				IPHONEOS_DEPLOYMENT_TARGET = 10.0;
				LD_RUNPATH_SEARCH_PATHS = "$(inherited) @executable_path/Frameworks @executable_path/../../Frameworks";
				PRODUCT_BUNDLE_IDENTIFIER = "com.yongyang.toobox.Tool-Box-Widget";
				PRODUCT_NAME = "$(TARGET_NAME)";
				SKIP_INSTALL = YES;
			};
			name = Release;
		};
		28BFC6C11B5493DA00E45770 /* Debug */ = {
			isa = XCBuildConfiguration;
			buildSettings = {
				ALWAYS_SEARCH_USER_PATHS = NO;
				CLANG_CXX_LANGUAGE_STANDARD = "gnu++0x";
				CLANG_CXX_LIBRARY = "libc++";
				CLANG_ENABLE_MODULES = YES;
				CLANG_ENABLE_OBJC_ARC = YES;
				CLANG_WARN_BLOCK_CAPTURE_AUTORELEASING = YES;
				CLANG_WARN_BOOL_CONVERSION = YES;
				CLANG_WARN_COMMA = YES;
				CLANG_WARN_CONSTANT_CONVERSION = YES;
				CLANG_WARN_DIRECT_OBJC_ISA_USAGE = YES_ERROR;
				CLANG_WARN_EMPTY_BODY = YES;
				CLANG_WARN_ENUM_CONVERSION = YES;
				CLANG_WARN_INFINITE_RECURSION = YES;
				CLANG_WARN_INT_CONVERSION = YES;
				CLANG_WARN_NON_LITERAL_NULL_CONVERSION = YES;
				CLANG_WARN_OBJC_LITERAL_CONVERSION = YES;
				CLANG_WARN_OBJC_ROOT_CLASS = YES_ERROR;
				CLANG_WARN_RANGE_LOOP_ANALYSIS = YES;
				CLANG_WARN_STRICT_PROTOTYPES = YES;
				CLANG_WARN_SUSPICIOUS_MOVE = YES;
				CLANG_WARN_UNREACHABLE_CODE = YES;
				CLANG_WARN__DUPLICATE_METHOD_MATCH = YES;
				"CODE_SIGN_IDENTITY[sdk=iphoneos*]" = "iPhone Developer";
				COPY_PHASE_STRIP = NO;
				DEBUG_INFORMATION_FORMAT = "dwarf-with-dsym";
				ENABLE_STRICT_OBJC_MSGSEND = YES;
				ENABLE_TESTABILITY = YES;
				GCC_C_LANGUAGE_STANDARD = gnu99;
				GCC_DYNAMIC_NO_PIC = NO;
				GCC_NO_COMMON_BLOCKS = YES;
				GCC_OPTIMIZATION_LEVEL = 0;
				GCC_PREPROCESSOR_DEFINITIONS = (
					"DEBUG=1",
					"$(inherited)",
				);
				GCC_SYMBOLS_PRIVATE_EXTERN = NO;
				GCC_WARN_64_TO_32_BIT_CONVERSION = YES;
				GCC_WARN_ABOUT_RETURN_TYPE = YES_ERROR;
				GCC_WARN_UNDECLARED_SELECTOR = YES;
				GCC_WARN_UNINITIALIZED_AUTOS = YES_AGGRESSIVE;
				GCC_WARN_UNUSED_FUNCTION = YES;
				GCC_WARN_UNUSED_VARIABLE = YES;
				IPHONEOS_DEPLOYMENT_TARGET = 10.0;
				MTL_ENABLE_DEBUG_INFO = YES;
				ONLY_ACTIVE_ARCH = YES;
				SDKROOT = iphoneos;
				TARGETED_DEVICE_FAMILY = "1,2";
			};
			name = Debug;
		};
		28BFC6C21B5493DA00E45770 /* Release */ = {
			isa = XCBuildConfiguration;
			buildSettings = {
				ALWAYS_SEARCH_USER_PATHS = NO;
				CLANG_CXX_LANGUAGE_STANDARD = "gnu++0x";
				CLANG_CXX_LIBRARY = "libc++";
				CLANG_ENABLE_MODULES = YES;
				CLANG_ENABLE_OBJC_ARC = YES;
				CLANG_WARN_BLOCK_CAPTURE_AUTORELEASING = YES;
				CLANG_WARN_BOOL_CONVERSION = YES;
				CLANG_WARN_COMMA = YES;
				CLANG_WARN_CONSTANT_CONVERSION = YES;
				CLANG_WARN_DIRECT_OBJC_ISA_USAGE = YES_ERROR;
				CLANG_WARN_EMPTY_BODY = YES;
				CLANG_WARN_ENUM_CONVERSION = YES;
				CLANG_WARN_INFINITE_RECURSION = YES;
				CLANG_WARN_INT_CONVERSION = YES;
				CLANG_WARN_NON_LITERAL_NULL_CONVERSION = YES;
				CLANG_WARN_OBJC_LITERAL_CONVERSION = YES;
				CLANG_WARN_OBJC_ROOT_CLASS = YES_ERROR;
				CLANG_WARN_RANGE_LOOP_ANALYSIS = YES;
				CLANG_WARN_STRICT_PROTOTYPES = YES;
				CLANG_WARN_SUSPICIOUS_MOVE = YES;
				CLANG_WARN_UNREACHABLE_CODE = YES;
				CLANG_WARN__DUPLICATE_METHOD_MATCH = YES;
				"CODE_SIGN_IDENTITY[sdk=iphoneos*]" = "iPhone Developer";
				COPY_PHASE_STRIP = NO;
				DEBUG_INFORMATION_FORMAT = "dwarf-with-dsym";
				ENABLE_NS_ASSERTIONS = NO;
				ENABLE_STRICT_OBJC_MSGSEND = YES;
				GCC_C_LANGUAGE_STANDARD = gnu99;
				GCC_NO_COMMON_BLOCKS = YES;
				GCC_WARN_64_TO_32_BIT_CONVERSION = YES;
				GCC_WARN_ABOUT_RETURN_TYPE = YES_ERROR;
				GCC_WARN_UNDECLARED_SELECTOR = YES;
				GCC_WARN_UNINITIALIZED_AUTOS = YES_AGGRESSIVE;
				GCC_WARN_UNUSED_FUNCTION = YES;
				GCC_WARN_UNUSED_VARIABLE = YES;
				IPHONEOS_DEPLOYMENT_TARGET = 10.0;
				MTL_ENABLE_DEBUG_INFO = NO;
				SDKROOT = iphoneos;
				SWIFT_OPTIMIZATION_LEVEL = "-Owholemodule";
				TARGETED_DEVICE_FAMILY = "1,2";
				VALIDATE_PRODUCT = YES;
			};
			name = Release;
		};
		28BFC6C41B5493DA00E45770 /* Debug */ = {
			isa = XCBuildConfiguration;
			baseConfigurationReference = 1567500C16668611F0A3057A /* Pods-Plus..debug.xcconfig */;
			buildSettings = {
				ASSETCATALOG_COMPILER_APPICON_NAME = AppIcon;
				CLANG_ENABLE_MODULES = YES;
				CODE_SIGN_IDENTITY = "iPhone Developer";
				ENABLE_BITCODE = NO;
				GCC_NO_COMMON_BLOCKS = NO;
				INFOPLIST_FILE = "Tool Box/Info.plist";
				IPHONEOS_DEPLOYMENT_TARGET = 10.0;
				LD_RUNPATH_SEARCH_PATHS = "$(inherited) @executable_path/Frameworks";
				LIBRARY_SEARCH_PATHS = (
					"$(inherited)",
					"$(PROJECT_DIR)",
					"$(PROJECT_DIR)/Tool\\ Box",
				);
				PRODUCT_BUNDLE_IDENTIFIER = com.yongyang.toobox;
				PRODUCT_NAME = "$(TARGET_NAME)";
				SWIFT_OBJC_BRIDGING_HEADER = "Tool Box/Plus.-Bridging-Header.h";
				SWIFT_OPTIMIZATION_LEVEL = "-Onone";
				SWIFT_SWIFT3_OBJC_INFERENCE = On;
				SWIFT_VERSION = 4.0;
				TARGETED_DEVICE_FAMILY = "1,2";
			};
			name = Debug;
		};
		28BFC6C51B5493DA00E45770 /* Release */ = {
			isa = XCBuildConfiguration;
			baseConfigurationReference = 41E593850244D5392F72B002 /* Pods-Plus..release.xcconfig */;
			buildSettings = {
				ASSETCATALOG_COMPILER_APPICON_NAME = AppIcon;
				CLANG_ENABLE_MODULES = YES;
				CODE_SIGN_IDENTITY = "iPhone Developer";
				ENABLE_BITCODE = NO;
				GCC_NO_COMMON_BLOCKS = NO;
				INFOPLIST_FILE = "Tool Box/Info.plist";
				IPHONEOS_DEPLOYMENT_TARGET = 10.0;
				LD_RUNPATH_SEARCH_PATHS = "$(inherited) @executable_path/Frameworks";
				LIBRARY_SEARCH_PATHS = (
					"$(inherited)",
					"$(PROJECT_DIR)",
					"$(PROJECT_DIR)/Tool\\ Box",
				);
				PRODUCT_BUNDLE_IDENTIFIER = com.yongyang.toobox;
				PRODUCT_NAME = "$(TARGET_NAME)";
				SWIFT_OBJC_BRIDGING_HEADER = "Tool Box/Plus.-Bridging-Header.h";
				SWIFT_SWIFT3_OBJC_INFERENCE = On;
				SWIFT_VERSION = 4.0;
				TARGETED_DEVICE_FAMILY = "1,2";
			};
			name = Release;
		};
		28E2A54B1B54B29700126C42 /* Debug */ = {
			isa = XCBuildConfiguration;
			buildSettings = {
				CODE_SIGN_IDENTITY = "iPhone Developer";
				GCC_PREPROCESSOR_DEFINITIONS = (
					"DEBUG=1",
					"$(inherited)",
				);
				INFOPLIST_FILE = "Tool Box WatchKit Extension/Info.plist";
				LD_RUNPATH_SEARCH_PATHS = "$(inherited) @executable_path/Frameworks @executable_path/../../Frameworks";
				PRODUCT_BUNDLE_IDENTIFIER = com.yongyang.toobox.watchkitapp.watchkitextension;
				PRODUCT_NAME = "${TARGET_NAME}";
				SDKROOT = watchos;
				SKIP_INSTALL = YES;
				TARGETED_DEVICE_FAMILY = 4;
				WATCHOS_DEPLOYMENT_TARGET = 2.0;
			};
			name = Debug;
		};
		28E2A54C1B54B29700126C42 /* Release */ = {
			isa = XCBuildConfiguration;
			buildSettings = {
				CODE_SIGN_IDENTITY = "iPhone Developer";
				INFOPLIST_FILE = "Tool Box WatchKit Extension/Info.plist";
				LD_RUNPATH_SEARCH_PATHS = "$(inherited) @executable_path/Frameworks @executable_path/../../Frameworks";
				PRODUCT_BUNDLE_IDENTIFIER = com.yongyang.toobox.watchkitapp.watchkitextension;
				PRODUCT_NAME = "${TARGET_NAME}";
				SDKROOT = watchos;
				SKIP_INSTALL = YES;
				TARGETED_DEVICE_FAMILY = 4;
				WATCHOS_DEPLOYMENT_TARGET = 2.0;
			};
			name = Release;
		};
		28E2A54D1B54B29700126C42 /* Debug */ = {
			isa = XCBuildConfiguration;
			buildSettings = {
				ASSETCATALOG_COMPILER_APPICON_NAME = AppIcon;
				CODE_SIGN_IDENTITY = "iPhone Developer";
				GCC_PREPROCESSOR_DEFINITIONS = (
					"DEBUG=1",
					"$(inherited)",
				);
				IBSC_MODULE = Tool_Box_WatchKit_Extension;
				INFOPLIST_FILE = "Tool Box WatchKit App/Info.plist";
				PRODUCT_BUNDLE_IDENTIFIER = com.yongyang.toobox.watchkitapp;
				PRODUCT_NAME = "$(TARGET_NAME)";
				SDKROOT = watchos;
				SKIP_INSTALL = YES;
				TARGETED_DEVICE_FAMILY = 4;
				WATCHOS_DEPLOYMENT_TARGET = 2.0;
			};
			name = Debug;
		};
		28E2A54E1B54B29700126C42 /* Release */ = {
			isa = XCBuildConfiguration;
			buildSettings = {
				ASSETCATALOG_COMPILER_APPICON_NAME = AppIcon;
				CODE_SIGN_IDENTITY = "iPhone Developer";
				IBSC_MODULE = Tool_Box_WatchKit_Extension;
				INFOPLIST_FILE = "Tool Box WatchKit App/Info.plist";
				PRODUCT_BUNDLE_IDENTIFIER = com.yongyang.toobox.watchkitapp;
				PRODUCT_NAME = "$(TARGET_NAME)";
				SDKROOT = watchos;
				SKIP_INSTALL = YES;
				TARGETED_DEVICE_FAMILY = 4;
				WATCHOS_DEPLOYMENT_TARGET = 2.0;
			};
			name = Release;
		};
/* End XCBuildConfiguration section */

/* Begin XCConfigurationList section */
		006FB1B71D047CC300768D92 /* Build configuration list for PBXNativeTarget "Plus. Widget" */ = {
			isa = XCConfigurationList;
			buildConfigurations = (
				006FB1B51D047CC300768D92 /* Debug */,
				006FB1B61D047CC300768D92 /* Release */,
			);
			defaultConfigurationIsVisible = 0;
			defaultConfigurationName = Release;
		};
		28BFC69B1B5493DA00E45770 /* Build configuration list for PBXProject "Plus." */ = {
			isa = XCConfigurationList;
			buildConfigurations = (
				28BFC6C11B5493DA00E45770 /* Debug */,
				28BFC6C21B5493DA00E45770 /* Release */,
			);
			defaultConfigurationIsVisible = 0;
			defaultConfigurationName = Release;
		};
		28BFC6C31B5493DA00E45770 /* Build configuration list for PBXNativeTarget "Plus." */ = {
			isa = XCConfigurationList;
			buildConfigurations = (
				28BFC6C41B5493DA00E45770 /* Debug */,
				28BFC6C51B5493DA00E45770 /* Release */,
			);
			defaultConfigurationIsVisible = 0;
			defaultConfigurationName = Release;
		};
		28E2A54F1B54B29700126C42 /* Build configuration list for PBXNativeTarget "Plus. WatchKit App" */ = {
			isa = XCConfigurationList;
			buildConfigurations = (
				28E2A54D1B54B29700126C42 /* Debug */,
				28E2A54E1B54B29700126C42 /* Release */,
			);
			defaultConfigurationIsVisible = 0;
			defaultConfigurationName = Release;
		};
		28E2A5501B54B29700126C42 /* Build configuration list for PBXNativeTarget "Plus. WatchKit Extension" */ = {
			isa = XCConfigurationList;
			buildConfigurations = (
				28E2A54B1B54B29700126C42 /* Debug */,
				28E2A54C1B54B29700126C42 /* Release */,
			);
			defaultConfigurationIsVisible = 0;
			defaultConfigurationName = Release;
		};
/* End XCConfigurationList section */
	};
	rootObject = 28BFC6981B5493DA00E45770 /* Project object */;
}
